// !$*UTF8*$!
{
	archiveVersion = 1;
	classes = {
	};
	objectVersion = 46;
	objects = {

/* Begin PBXBuildFile section */
		A28DFC0C14D18B6100128B50 /* libxml2.2.dylib in Frameworks */ = {isa = PBXBuildFile; fileRef = A2CD343114D067D800C4D3F0 /* libxml2.2.dylib */; };
		A28DFC0F14D19B0300128B50 /* fhconfig.plist in Resources */ = {isa = PBXBuildFile; fileRef = A28DFC0E14D19B0300128B50 /* fhconfig.plist */; };
		A28DFC1314D1B0CB00128B50 /* EventsViewController.m in Sources */ = {isa = PBXBuildFile; fileRef = A28DFC1114D1B0CB00128B50 /* EventsViewController.m */; };
		A28DFC1414D1B0CB00128B50 /* EventsViewController.xib in Resources */ = {isa = PBXBuildFile; fileRef = A28DFC1214D1B0CB00128B50 /* EventsViewController.xib */; };
		A2C1018D14D8138900BEF54F /* RootViewController.m in Sources */ = {isa = PBXBuildFile; fileRef = A2C1018B14D8138900BEF54F /* RootViewController.m */; };
		A2C1018E14D8138900BEF54F /* RootViewController.xib in Resources */ = {isa = PBXBuildFile; fileRef = A2C1018C14D8138900BEF54F /* RootViewController.xib */; };
		A2CD31FF14D0300200C4D3F0 /* UIKit.framework in Frameworks */ = {isa = PBXBuildFile; fileRef = A2CD31FE14D0300200C4D3F0 /* UIKit.framework */; };
		A2CD320114D0300200C4D3F0 /* Foundation.framework in Frameworks */ = {isa = PBXBuildFile; fileRef = A2CD320014D0300200C4D3F0 /* Foundation.framework */; };
		A2CD320314D0300200C4D3F0 /* CoreGraphics.framework in Frameworks */ = {isa = PBXBuildFile; fileRef = A2CD320214D0300200C4D3F0 /* CoreGraphics.framework */; };
		A2CD320914D0300200C4D3F0 /* InfoPlist.strings in Resources */ = {isa = PBXBuildFile; fileRef = A2CD320714D0300200C4D3F0 /* InfoPlist.strings */; };
		A2CD320B14D0300200C4D3F0 /* main.m in Sources */ = {isa = PBXBuildFile; fileRef = A2CD320A14D0300200C4D3F0 /* main.m */; };
		A2CD320F14D0300200C4D3F0 /* AppDelegate.m in Sources */ = {isa = PBXBuildFile; fileRef = A2CD320E14D0300200C4D3F0 /* AppDelegate.m */; };
		A2CD321714D0300200C4D3F0 /* SenTestingKit.framework in Frameworks */ = {isa = PBXBuildFile; fileRef = A2CD321614D0300200C4D3F0 /* SenTestingKit.framework */; };
		A2CD321814D0300200C4D3F0 /* UIKit.framework in Frameworks */ = {isa = PBXBuildFile; fileRef = A2CD31FE14D0300200C4D3F0 /* UIKit.framework */; };
		A2CD321914D0300200C4D3F0 /* Foundation.framework in Frameworks */ = {isa = PBXBuildFile; fileRef = A2CD320014D0300200C4D3F0 /* Foundation.framework */; };
		A2CD322F14D0633600C4D3F0 /* CFNetwork.framework in Frameworks */ = {isa = PBXBuildFile; fileRef = A2CD322E14D0633600C4D3F0 /* CFNetwork.framework */; };
		A2CD323114D063FE00C4D3F0 /* SystemConfiguration.framework in Frameworks */ = {isa = PBXBuildFile; fileRef = A2CD323014D063FE00C4D3F0 /* SystemConfiguration.framework */; };
		A2CD323314D0640B00C4D3F0 /* MobileCoreServices.framework in Frameworks */ = {isa = PBXBuildFile; fileRef = A2CD323214D0640B00C4D3F0 /* MobileCoreServices.framework */; };
		A2CD323714D065F100C4D3F0 /* libz.dylib in Frameworks */ = {isa = PBXBuildFile; fileRef = A2CD323614D065F100C4D3F0 /* libz.dylib */; };
		A2CD343214D067D900C4D3F0 /* libxml2.2.dylib in Frameworks */ = {isa = PBXBuildFile; fileRef = A2CD343114D067D800C4D3F0 /* libxml2.2.dylib */; };
		B308505D15D93BE8007E6AD5 /* AuthViewController.m in Sources */ = {isa = PBXBuildFile; fileRef = B308505B15D93BE8007E6AD5 /* AuthViewController.m */; };
		B308505E15D93BE8007E6AD5 /* AuthViewController.xib in Resources */ = {isa = PBXBuildFile; fileRef = B308505C15D93BE8007E6AD5 /* AuthViewController.xib */; };
		B308506115D940C8007E6AD5 /* AuthMethod.m in Sources */ = {isa = PBXBuildFile; fileRef = B308506015D940C8007E6AD5 /* AuthMethod.m */; };
		B308506415D942B7007E6AD5 /* FHAuthMethod.m in Sources */ = {isa = PBXBuildFile; fileRef = B308506315D942B7007E6AD5 /* FHAuthMethod.m */; };
		B308506715D942CF007E6AD5 /* GoogleAuthMethod.m in Sources */ = {isa = PBXBuildFile; fileRef = B308506615D942CF007E6AD5 /* GoogleAuthMethod.m */; };
		B308507A15D943A6007E6AD5 /* auth_feedhenry.png in Resources */ = {isa = PBXBuildFile; fileRef = B308507815D943A6007E6AD5 /* auth_feedhenry.png */; };
		B308507B15D943A6007E6AD5 /* auth_google.png in Resources */ = {isa = PBXBuildFile; fileRef = B308507915D943A6007E6AD5 /* auth_google.png */; };
		B308507F15D95268007E6AD5 /* FHLoginViewController.m in Sources */ = {isa = PBXBuildFile; fileRef = B308507D15D95268007E6AD5 /* FHLoginViewController.m */; };
		B308508015D95268007E6AD5 /* FHLoginViewController.xib in Resources */ = {isa = PBXBuildFile; fileRef = B308507E15D95268007E6AD5 /* FHLoginViewController.xib */; };
		B339FA9E15DA7D9E0040E5FF /* libFH.a in Frameworks */ = {isa = PBXBuildFile; fileRef = B339FA9915DA7D900040E5FF /* libFH.a */; };
		D82B24AE14D06CC200F91FB4 /* JSONKit.m in Sources */ = {isa = PBXBuildFile; fileRef = D82B24AB14D06CC200F91FB4 /* JSONKit.m */; };
		D84E94F3177C3AA7006DCE05 /* AdSupport.framework in Frameworks */ = {isa = PBXBuildFile; fileRef = D84E94F2177C3AA7006DCE05 /* AdSupport.framework */; };
/* End PBXBuildFile section */

/* Begin PBXContainerItemProxy section */
		A2CD321A14D0300200C4D3F0 /* PBXContainerItemProxy */ = {
			isa = PBXContainerItemProxy;
			containerPortal = A2CD31F114D0300200C4D3F0 /* Project object */;
			proxyType = 1;
			remoteGlobalIDString = A2CD31F914D0300200C4D3F0;
			remoteInfo = "fh-ios-sdk";
		};
		B339FA9815DA7D900040E5FF /* PBXContainerItemProxy */ = {
			isa = PBXContainerItemProxy;
			containerPortal = B339FA8F15DA7D900040E5FF /* FH.xcodeproj */;
			proxyType = 2;
			remoteGlobalIDString = B3D7C48315D28BE30019262E;
			remoteInfo = FH;
		};
		B339FA9A15DA7D900040E5FF /* PBXContainerItemProxy */ = {
			isa = PBXContainerItemProxy;
			containerPortal = B339FA8F15DA7D900040E5FF /* FH.xcodeproj */;
			proxyType = 2;
			remoteGlobalIDString = B3D7C49315D28BE30019262E;
			remoteInfo = FHTests;
		};
		B339FA9C15DA7D990040E5FF /* PBXContainerItemProxy */ = {
			isa = PBXContainerItemProxy;
			containerPortal = B339FA8F15DA7D900040E5FF /* FH.xcodeproj */;
			proxyType = 1;
			remoteGlobalIDString = B3D7C48215D28BE30019262E;
			remoteInfo = FH;
		};
/* End PBXContainerItemProxy section */

/* Begin PBXFileReference section */
		A28DFC0E14D19B0300128B50 /* fhconfig.plist */ = {isa = PBXFileReference; fileEncoding = 4; lastKnownFileType = text.plist.xml; path = fhconfig.plist; sourceTree = "<group>"; };
		A28DFC1014D1B0CA00128B50 /* EventsViewController.h */ = {isa = PBXFileReference; fileEncoding = 4; lastKnownFileType = sourcecode.c.h; path = EventsViewController.h; sourceTree = "<group>"; };
		A28DFC1114D1B0CB00128B50 /* EventsViewController.m */ = {isa = PBXFileReference; fileEncoding = 4; lastKnownFileType = sourcecode.c.objc; path = EventsViewController.m; sourceTree = "<group>"; };
		A28DFC1214D1B0CB00128B50 /* EventsViewController.xib */ = {isa = PBXFileReference; fileEncoding = 4; lastKnownFileType = file.xib; path = EventsViewController.xib; sourceTree = "<group>"; };
		A2C1018A14D8138900BEF54F /* RootViewController.h */ = {isa = PBXFileReference; fileEncoding = 4; lastKnownFileType = sourcecode.c.h; path = RootViewController.h; sourceTree = "<group>"; };
		A2C1018B14D8138900BEF54F /* RootViewController.m */ = {isa = PBXFileReference; fileEncoding = 4; lastKnownFileType = sourcecode.c.objc; path = RootViewController.m; sourceTree = "<group>"; };
		A2C1018C14D8138900BEF54F /* RootViewController.xib */ = {isa = PBXFileReference; fileEncoding = 4; lastKnownFileType = file.xib; path = RootViewController.xib; sourceTree = "<group>"; };
		A2CD31FA14D0300200C4D3F0 /* fh-ios-sdk.app */ = {isa = PBXFileReference; explicitFileType = wrapper.application; includeInIndex = 0; path = "fh-ios-sdk.app"; sourceTree = BUILT_PRODUCTS_DIR; };
		A2CD31FE14D0300200C4D3F0 /* UIKit.framework */ = {isa = PBXFileReference; lastKnownFileType = wrapper.framework; name = UIKit.framework; path = System/Library/Frameworks/UIKit.framework; sourceTree = SDKROOT; };
		A2CD320014D0300200C4D3F0 /* Foundation.framework */ = {isa = PBXFileReference; lastKnownFileType = wrapper.framework; name = Foundation.framework; path = System/Library/Frameworks/Foundation.framework; sourceTree = SDKROOT; };
		A2CD320214D0300200C4D3F0 /* CoreGraphics.framework */ = {isa = PBXFileReference; lastKnownFileType = wrapper.framework; name = CoreGraphics.framework; path = System/Library/Frameworks/CoreGraphics.framework; sourceTree = SDKROOT; };
		A2CD320614D0300200C4D3F0 /* fh-ios-sdk-Info.plist */ = {isa = PBXFileReference; lastKnownFileType = text.plist.xml; path = "fh-ios-sdk-Info.plist"; sourceTree = "<group>"; };
		A2CD320814D0300200C4D3F0 /* en */ = {isa = PBXFileReference; lastKnownFileType = text.plist.strings; name = en; path = en.lproj/InfoPlist.strings; sourceTree = "<group>"; };
		A2CD320A14D0300200C4D3F0 /* main.m */ = {isa = PBXFileReference; lastKnownFileType = sourcecode.c.objc; path = main.m; sourceTree = "<group>"; };
		A2CD320C14D0300200C4D3F0 /* fh-ios-sdk-Prefix.pch */ = {isa = PBXFileReference; lastKnownFileType = sourcecode.c.h; path = "fh-ios-sdk-Prefix.pch"; sourceTree = "<group>"; };
		A2CD320D14D0300200C4D3F0 /* AppDelegate.h */ = {isa = PBXFileReference; lastKnownFileType = sourcecode.c.h; path = AppDelegate.h; sourceTree = "<group>"; };
		A2CD320E14D0300200C4D3F0 /* AppDelegate.m */ = {isa = PBXFileReference; lastKnownFileType = sourcecode.c.objc; path = AppDelegate.m; sourceTree = "<group>"; };
		A2CD321514D0300200C4D3F0 /* fh-ios-sdkTests.octest */ = {isa = PBXFileReference; explicitFileType = wrapper.cfbundle; includeInIndex = 0; path = "fh-ios-sdkTests.octest"; sourceTree = BUILT_PRODUCTS_DIR; };
		A2CD321614D0300200C4D3F0 /* SenTestingKit.framework */ = {isa = PBXFileReference; lastKnownFileType = wrapper.framework; name = SenTestingKit.framework; path = Library/Frameworks/SenTestingKit.framework; sourceTree = DEVELOPER_DIR; };
		A2CD322E14D0633600C4D3F0 /* CFNetwork.framework */ = {isa = PBXFileReference; lastKnownFileType = wrapper.framework; name = CFNetwork.framework; path = System/Library/Frameworks/CFNetwork.framework; sourceTree = SDKROOT; };
		A2CD323014D063FE00C4D3F0 /* SystemConfiguration.framework */ = {isa = PBXFileReference; lastKnownFileType = wrapper.framework; name = SystemConfiguration.framework; path = System/Library/Frameworks/SystemConfiguration.framework; sourceTree = SDKROOT; };
		A2CD323214D0640B00C4D3F0 /* MobileCoreServices.framework */ = {isa = PBXFileReference; lastKnownFileType = wrapper.framework; name = MobileCoreServices.framework; path = System/Library/Frameworks/MobileCoreServices.framework; sourceTree = SDKROOT; };
		A2CD323614D065F100C4D3F0 /* libz.dylib */ = {isa = PBXFileReference; lastKnownFileType = "compiled.mach-o.dylib"; name = libz.dylib; path = usr/lib/libz.dylib; sourceTree = SDKROOT; };
		A2CD342F14D067A700C4D3F0 /* libxml2.dylib */ = {isa = PBXFileReference; lastKnownFileType = "compiled.mach-o.dylib"; name = libxml2.dylib; path = usr/lib/libxml2.dylib; sourceTree = SDKROOT; };
		A2CD343114D067D800C4D3F0 /* libxml2.2.dylib */ = {isa = PBXFileReference; lastKnownFileType = "compiled.mach-o.dylib"; name = libxml2.2.dylib; path = usr/lib/libxml2.2.dylib; sourceTree = SDKROOT; };
		B308505A15D93BE8007E6AD5 /* AuthViewController.h */ = {isa = PBXFileReference; fileEncoding = 4; lastKnownFileType = sourcecode.c.h; path = AuthViewController.h; sourceTree = "<group>"; };
		B308505B15D93BE8007E6AD5 /* AuthViewController.m */ = {isa = PBXFileReference; fileEncoding = 4; lastKnownFileType = sourcecode.c.objc; path = AuthViewController.m; sourceTree = "<group>"; };
		B308505C15D93BE8007E6AD5 /* AuthViewController.xib */ = {isa = PBXFileReference; fileEncoding = 4; lastKnownFileType = file.xib; path = AuthViewController.xib; sourceTree = "<group>"; };
		B308505F15D940C8007E6AD5 /* AuthMethod.h */ = {isa = PBXFileReference; fileEncoding = 4; lastKnownFileType = sourcecode.c.h; path = AuthMethod.h; sourceTree = "<group>"; };
		B308506015D940C8007E6AD5 /* AuthMethod.m */ = {isa = PBXFileReference; fileEncoding = 4; lastKnownFileType = sourcecode.c.objc; path = AuthMethod.m; sourceTree = "<group>"; };
		B308506215D942B7007E6AD5 /* FHAuthMethod.h */ = {isa = PBXFileReference; fileEncoding = 4; lastKnownFileType = sourcecode.c.h; path = FHAuthMethod.h; sourceTree = "<group>"; };
		B308506315D942B7007E6AD5 /* FHAuthMethod.m */ = {isa = PBXFileReference; fileEncoding = 4; lastKnownFileType = sourcecode.c.objc; path = FHAuthMethod.m; sourceTree = "<group>"; };
		B308506515D942CE007E6AD5 /* GoogleAuthMethod.h */ = {isa = PBXFileReference; fileEncoding = 4; lastKnownFileType = sourcecode.c.h; path = GoogleAuthMethod.h; sourceTree = "<group>"; };
		B308506615D942CF007E6AD5 /* GoogleAuthMethod.m */ = {isa = PBXFileReference; fileEncoding = 4; lastKnownFileType = sourcecode.c.objc; path = GoogleAuthMethod.m; sourceTree = "<group>"; };
		B308507815D943A6007E6AD5 /* auth_feedhenry.png */ = {isa = PBXFileReference; lastKnownFileType = image.png; path = auth_feedhenry.png; sourceTree = "<group>"; };
		B308507915D943A6007E6AD5 /* auth_google.png */ = {isa = PBXFileReference; lastKnownFileType = image.png; path = auth_google.png; sourceTree = "<group>"; };
		B308507C15D95267007E6AD5 /* FHLoginViewController.h */ = {isa = PBXFileReference; fileEncoding = 4; lastKnownFileType = sourcecode.c.h; path = FHLoginViewController.h; sourceTree = "<group>"; };
		B308507D15D95268007E6AD5 /* FHLoginViewController.m */ = {isa = PBXFileReference; fileEncoding = 4; lastKnownFileType = sourcecode.c.objc; path = FHLoginViewController.m; sourceTree = "<group>"; };
		B308507E15D95268007E6AD5 /* FHLoginViewController.xib */ = {isa = PBXFileReference; fileEncoding = 4; lastKnownFileType = file.xib; path = FHLoginViewController.xib; sourceTree = "<group>"; };
		B339FA8F15DA7D900040E5FF /* FH.xcodeproj */ = {isa = PBXFileReference; lastKnownFileType = "wrapper.pb-project"; name = FH.xcodeproj; path = FH/FH.xcodeproj; sourceTree = "<group>"; };
		D82B24AB14D06CC200F91FB4 /* JSONKit.m */ = {isa = PBXFileReference; fileEncoding = 4; lastKnownFileType = sourcecode.c.objc; path = JSONKit.m; sourceTree = "<group>"; };
		D84E94F2177C3AA7006DCE05 /* AdSupport.framework */ = {isa = PBXFileReference; lastKnownFileType = wrapper.framework; name = AdSupport.framework; path = System/Library/Frameworks/AdSupport.framework; sourceTree = SDKROOT; };
/* End PBXFileReference section */

/* Begin PBXFrameworksBuildPhase section */
		A2CD31F714D0300200C4D3F0 /* Frameworks */ = {
			isa = PBXFrameworksBuildPhase;
			buildActionMask = 2147483647;
			files = (
				D84E94F3177C3AA7006DCE05 /* AdSupport.framework in Frameworks */,
				B339FA9E15DA7D9E0040E5FF /* libFH.a in Frameworks */,
				A2CD343214D067D900C4D3F0 /* libxml2.2.dylib in Frameworks */,
				A2CD323714D065F100C4D3F0 /* libz.dylib in Frameworks */,
				A2CD323314D0640B00C4D3F0 /* MobileCoreServices.framework in Frameworks */,
				A2CD323114D063FE00C4D3F0 /* SystemConfiguration.framework in Frameworks */,
				A2CD322F14D0633600C4D3F0 /* CFNetwork.framework in Frameworks */,
				A2CD31FF14D0300200C4D3F0 /* UIKit.framework in Frameworks */,
				A2CD320114D0300200C4D3F0 /* Foundation.framework in Frameworks */,
				A2CD320314D0300200C4D3F0 /* CoreGraphics.framework in Frameworks */,
			);
			runOnlyForDeploymentPostprocessing = 0;
		};
		A2CD321114D0300200C4D3F0 /* Frameworks */ = {
			isa = PBXFrameworksBuildPhase;
			buildActionMask = 2147483647;
			files = (
				A28DFC0C14D18B6100128B50 /* libxml2.2.dylib in Frameworks */,
				A2CD321714D0300200C4D3F0 /* SenTestingKit.framework in Frameworks */,
				A2CD321814D0300200C4D3F0 /* UIKit.framework in Frameworks */,
				A2CD321914D0300200C4D3F0 /* Foundation.framework in Frameworks */,
			);
			runOnlyForDeploymentPostprocessing = 0;
		};
/* End PBXFrameworksBuildPhase section */

/* Begin PBXGroup section */
		A2CD31EF14D0300200C4D3F0 = {
			isa = PBXGroup;
			children = (
				B339FA8F15DA7D900040E5FF /* FH.xcodeproj */,
				A2CD320414D0300200C4D3F0 /* fh-ios-sdk */,
				A2CD31FD14D0300200C4D3F0 /* Frameworks */,
				A2CD31FB14D0300200C4D3F0 /* Products */,
			);
			sourceTree = "<group>";
		};
		A2CD31FB14D0300200C4D3F0 /* Products */ = {
			isa = PBXGroup;
			children = (
				A2CD31FA14D0300200C4D3F0 /* fh-ios-sdk.app */,
				A2CD321514D0300200C4D3F0 /* fh-ios-sdkTests.octest */,
			);
			name = Products;
			sourceTree = "<group>";
		};
		A2CD31FD14D0300200C4D3F0 /* Frameworks */ = {
			isa = PBXGroup;
			children = (
				D84E94F2177C3AA7006DCE05 /* AdSupport.framework */,
				A2CD343114D067D800C4D3F0 /* libxml2.2.dylib */,
				A2CD342F14D067A700C4D3F0 /* libxml2.dylib */,
				A2CD323614D065F100C4D3F0 /* libz.dylib */,
				A2CD323214D0640B00C4D3F0 /* MobileCoreServices.framework */,
				A2CD323014D063FE00C4D3F0 /* SystemConfiguration.framework */,
				A2CD322E14D0633600C4D3F0 /* CFNetwork.framework */,
				A2CD31FE14D0300200C4D3F0 /* UIKit.framework */,
				A2CD320014D0300200C4D3F0 /* Foundation.framework */,
				A2CD320214D0300200C4D3F0 /* CoreGraphics.framework */,
				A2CD321614D0300200C4D3F0 /* SenTestingKit.framework */,
			);
			name = Frameworks;
			sourceTree = "<group>";
		};
		A2CD320414D0300200C4D3F0 /* fh-ios-sdk */ = {
			isa = PBXGroup;
			children = (
				B308507715D943A6007E6AD5 /* Resources */,
				A28DFC0E14D19B0300128B50 /* fhconfig.plist */,
				A2CD320514D0300200C4D3F0 /* Supporting Files */,
				A2CD320D14D0300200C4D3F0 /* AppDelegate.h */,
				A2CD320E14D0300200C4D3F0 /* AppDelegate.m */,
				A28DFC1014D1B0CA00128B50 /* EventsViewController.h */,
				A28DFC1114D1B0CB00128B50 /* EventsViewController.m */,
				A28DFC1214D1B0CB00128B50 /* EventsViewController.xib */,
				A2C1018A14D8138900BEF54F /* RootViewController.h */,
				A2C1018B14D8138900BEF54F /* RootViewController.m */,
				A2C1018C14D8138900BEF54F /* RootViewController.xib */,
				B308505A15D93BE8007E6AD5 /* AuthViewController.h */,
				B308505B15D93BE8007E6AD5 /* AuthViewController.m */,
				B308505C15D93BE8007E6AD5 /* AuthViewController.xib */,
				B308505F15D940C8007E6AD5 /* AuthMethod.h */,
				B308506015D940C8007E6AD5 /* AuthMethod.m */,
				B308506215D942B7007E6AD5 /* FHAuthMethod.h */,
				B308506315D942B7007E6AD5 /* FHAuthMethod.m */,
				B308506515D942CE007E6AD5 /* GoogleAuthMethod.h */,
				B308506615D942CF007E6AD5 /* GoogleAuthMethod.m */,
				B308507C15D95267007E6AD5 /* FHLoginViewController.h */,
				B308507D15D95268007E6AD5 /* FHLoginViewController.m */,
				B308507E15D95268007E6AD5 /* FHLoginViewController.xib */,
			);
			path = "fh-ios-sdk";
			sourceTree = "<group>";
		};
		A2CD320514D0300200C4D3F0 /* Supporting Files */ = {
			isa = PBXGroup;
			children = (
				A2CD320614D0300200C4D3F0 /* fh-ios-sdk-Info.plist */,
				A2CD320714D0300200C4D3F0 /* InfoPlist.strings */,
				A2CD320A14D0300200C4D3F0 /* main.m */,
				A2CD320C14D0300200C4D3F0 /* fh-ios-sdk-Prefix.pch */,
			);
			name = "Supporting Files";
			sourceTree = "<group>";
		};
		B308507715D943A6007E6AD5 /* Resources */ = {
			isa = PBXGroup;
			children = (
				B308507815D943A6007E6AD5 /* auth_feedhenry.png */,
				B308507915D943A6007E6AD5 /* auth_google.png */,
			);
			path = Resources;
			sourceTree = "<group>";
		};
		B339FA9015DA7D900040E5FF /* Products */ = {
			isa = PBXGroup;
			children = (
				B339FA9915DA7D900040E5FF /* libFH.a */,
				B339FA9B15DA7D900040E5FF /* FHTests.octest */,
			);
			name = Products;
			sourceTree = "<group>";
		};
/* End PBXGroup section */

/* Begin PBXNativeTarget section */
		A2CD31F914D0300200C4D3F0 /* fh-ios-sdk */ = {
			isa = PBXNativeTarget;
			buildConfigurationList = A2CD322714D0300200C4D3F0 /* Build configuration list for PBXNativeTarget "fh-ios-sdk" */;
			buildPhases = (
				A2CD31F614D0300200C4D3F0 /* Sources */,
				A2CD31F714D0300200C4D3F0 /* Frameworks */,
				A2CD31F814D0300200C4D3F0 /* Resources */,
			);
			buildRules = (
			);
			dependencies = (
				B339FA9D15DA7D990040E5FF /* PBXTargetDependency */,
			);
			name = "fh-ios-sdk";
			productName = "fh-ios-sdk";
			productReference = A2CD31FA14D0300200C4D3F0 /* fh-ios-sdk.app */;
			productType = "com.apple.product-type.application";
		};
		A2CD321414D0300200C4D3F0 /* fh-ios-sdkTests */ = {
			isa = PBXNativeTarget;
			buildConfigurationList = A2CD322A14D0300200C4D3F0 /* Build configuration list for PBXNativeTarget "fh-ios-sdkTests" */;
			buildPhases = (
				A2CD321014D0300200C4D3F0 /* Sources */,
				A2CD321114D0300200C4D3F0 /* Frameworks */,
				A2CD321214D0300200C4D3F0 /* Resources */,
				A2CD321314D0300200C4D3F0 /* ShellScript */,
			);
			buildRules = (
			);
			dependencies = (
				A2CD321B14D0300200C4D3F0 /* PBXTargetDependency */,
			);
			name = "fh-ios-sdkTests";
			productName = "fh-ios-sdkTests";
			productReference = A2CD321514D0300200C4D3F0 /* fh-ios-sdkTests.octest */;
			productType = "com.apple.product-type.bundle";
		};
/* End PBXNativeTarget section */

/* Begin PBXProject section */
		A2CD31F114D0300200C4D3F0 /* Project object */ = {
			isa = PBXProject;
			attributes = {
				LastUpgradeCheck = 0420;
				ORGANIZATIONNAME = Feedhenry;
			};
			buildConfigurationList = A2CD31F414D0300200C4D3F0 /* Build configuration list for PBXProject "fh-ios-sdk" */;
			compatibilityVersion = "Xcode 3.2";
			developmentRegion = English;
			hasScannedForEncodings = 0;
			knownRegions = (
				en,
				English,
			);
			mainGroup = A2CD31EF14D0300200C4D3F0;
			productRefGroup = A2CD31FB14D0300200C4D3F0 /* Products */;
			projectDirPath = "";
			projectReferences = (
				{
					ProductGroup = B339FA9015DA7D900040E5FF /* Products */;
					ProjectRef = B339FA8F15DA7D900040E5FF /* FH.xcodeproj */;
				},
			);
			projectRoot = "";
			targets = (
				A2CD31F914D0300200C4D3F0 /* fh-ios-sdk */,
				A2CD321414D0300200C4D3F0 /* fh-ios-sdkTests */,
			);
		};
/* End PBXProject section */

/* Begin PBXReferenceProxy section */
		B339FA9915DA7D900040E5FF /* libFH.a */ = {
			isa = PBXReferenceProxy;
			fileType = archive.ar;
			path = libFH.a;
			remoteRef = B339FA9815DA7D900040E5FF /* PBXContainerItemProxy */;
			sourceTree = BUILT_PRODUCTS_DIR;
		};
		B339FA9B15DA7D900040E5FF /* FHTests.octest */ = {
			isa = PBXReferenceProxy;
			fileType = wrapper.cfbundle;
			path = FHTests.octest;
			remoteRef = B339FA9A15DA7D900040E5FF /* PBXContainerItemProxy */;
			sourceTree = BUILT_PRODUCTS_DIR;
		};
/* End PBXReferenceProxy section */

/* Begin PBXResourcesBuildPhase section */
		A2CD31F814D0300200C4D3F0 /* Resources */ = {
			isa = PBXResourcesBuildPhase;
			buildActionMask = 2147483647;
			files = (
				A2CD320914D0300200C4D3F0 /* InfoPlist.strings in Resources */,
				A28DFC0F14D19B0300128B50 /* fhconfig.plist in Resources */,
				A28DFC1414D1B0CB00128B50 /* EventsViewController.xib in Resources */,
				A2C1018E14D8138900BEF54F /* RootViewController.xib in Resources */,
				B308505E15D93BE8007E6AD5 /* AuthViewController.xib in Resources */,
				B308507A15D943A6007E6AD5 /* auth_feedhenry.png in Resources */,
				B308507B15D943A6007E6AD5 /* auth_google.png in Resources */,
				B308508015D95268007E6AD5 /* FHLoginViewController.xib in Resources */,
			);
			runOnlyForDeploymentPostprocessing = 0;
		};
		A2CD321214D0300200C4D3F0 /* Resources */ = {
			isa = PBXResourcesBuildPhase;
			buildActionMask = 2147483647;
			files = (
			);
			runOnlyForDeploymentPostprocessing = 0;
		};
/* End PBXResourcesBuildPhase section */

/* Begin PBXShellScriptBuildPhase section */
		A2CD321314D0300200C4D3F0 /* ShellScript */ = {
			isa = PBXShellScriptBuildPhase;
			buildActionMask = 2147483647;
			files = (
			);
			inputPaths = (
			);
			outputPaths = (
			);
			runOnlyForDeploymentPostprocessing = 0;
			shellPath = /bin/sh;
			shellScript = "# Run the unit tests in this test bundle.\n\"${SYSTEM_DEVELOPER_DIR}/Tools/RunUnitTests\"\n";
		};
/* End PBXShellScriptBuildPhase section */

/* Begin PBXSourcesBuildPhase section */
		A2CD31F614D0300200C4D3F0 /* Sources */ = {
			isa = PBXSourcesBuildPhase;
			buildActionMask = 2147483647;
			files = (
				A2CD320B14D0300200C4D3F0 /* main.m in Sources */,
				A2CD320F14D0300200C4D3F0 /* AppDelegate.m in Sources */,
				A28DFC1314D1B0CB00128B50 /* EventsViewController.m in Sources */,
				A2C1018D14D8138900BEF54F /* RootViewController.m in Sources */,
				B308505D15D93BE8007E6AD5 /* AuthViewController.m in Sources */,
				B308506115D940C8007E6AD5 /* AuthMethod.m in Sources */,
				B308506415D942B7007E6AD5 /* FHAuthMethod.m in Sources */,
				B308506715D942CF007E6AD5 /* GoogleAuthMethod.m in Sources */,
				B308507F15D95268007E6AD5 /* FHLoginViewController.m in Sources */,
			);
			runOnlyForDeploymentPostprocessing = 0;
		};
		A2CD321014D0300200C4D3F0 /* Sources */ = {
			isa = PBXSourcesBuildPhase;
			buildActionMask = 2147483647;
			files = (
				D82B24AE14D06CC200F91FB4 /* JSONKit.m in Sources */,
			);
			runOnlyForDeploymentPostprocessing = 0;
		};
/* End PBXSourcesBuildPhase section */

/* Begin PBXTargetDependency section */
		A2CD321B14D0300200C4D3F0 /* PBXTargetDependency */ = {
			isa = PBXTargetDependency;
			target = A2CD31F914D0300200C4D3F0 /* fh-ios-sdk */;
			targetProxy = A2CD321A14D0300200C4D3F0 /* PBXContainerItemProxy */;
		};
		B339FA9D15DA7D990040E5FF /* PBXTargetDependency */ = {
			isa = PBXTargetDependency;
			name = FH;
			targetProxy = B339FA9C15DA7D990040E5FF /* PBXContainerItemProxy */;
		};
/* End PBXTargetDependency section */

/* Begin PBXVariantGroup section */
		A2CD320714D0300200C4D3F0 /* InfoPlist.strings */ = {
			isa = PBXVariantGroup;
			children = (
				A2CD320814D0300200C4D3F0 /* en */,
			);
			name = InfoPlist.strings;
			sourceTree = "<group>";
		};
/* End PBXVariantGroup section */

/* Begin XCBuildConfiguration section */
		A2CD322514D0300200C4D3F0 /* Debug */ = {
			isa = XCBuildConfiguration;
			buildSettings = {
				ALWAYS_SEARCH_USER_PATHS = NO;
				ARCHS = "$(ARCHS_STANDARD_32_BIT)";
				"CODE_SIGN_IDENTITY[sdk=iphoneos*]" = "";
				COPY_PHASE_STRIP = NO;
				GCC_C_LANGUAGE_STANDARD = gnu99;
				GCC_DYNAMIC_NO_PIC = NO;
				GCC_OPTIMIZATION_LEVEL = 0;
				GCC_PREPROCESSOR_DEFINITIONS = (
					"DEBUG=1",
					"$(inherited)",
				);
				GCC_SYMBOLS_PRIVATE_EXTERN = NO;
				GCC_VERSION = com.apple.compilers.llvm.clang.1_0;
				GCC_WARN_ABOUT_MISSING_PROTOTYPES = YES;
				GCC_WARN_ABOUT_RETURN_TYPE = YES;
				GCC_WARN_UNUSED_VARIABLE = YES;
				HEADER_SEARCH_PATHS = "";
				IPHONEOS_DEPLOYMENT_TARGET = 5.0;
				SDKROOT = iphoneos;
				TARGETED_DEVICE_FAMILY = "1,2";
				USER_HEADER_SEARCH_PATHS = "./FH/FH/**";
			};
			name = Debug;
		};
		A2CD322614D0300200C4D3F0 /* Release */ = {
			isa = XCBuildConfiguration;
			buildSettings = {
				ALWAYS_SEARCH_USER_PATHS = NO;
				ARCHS = "$(ARCHS_STANDARD_32_BIT)";
				"CODE_SIGN_IDENTITY[sdk=iphoneos*]" = "";
				COPY_PHASE_STRIP = YES;
				GCC_C_LANGUAGE_STANDARD = gnu99;
				GCC_VERSION = com.apple.compilers.llvm.clang.1_0;
				GCC_WARN_ABOUT_MISSING_PROTOTYPES = YES;
				GCC_WARN_ABOUT_RETURN_TYPE = YES;
				GCC_WARN_UNUSED_VARIABLE = YES;
				HEADER_SEARCH_PATHS = "";
				IPHONEOS_DEPLOYMENT_TARGET = 5.0;
				OTHER_CFLAGS = "-DNS_BLOCK_ASSERTIONS=1";
				SDKROOT = iphoneos;
				TARGETED_DEVICE_FAMILY = "1,2";
				USER_HEADER_SEARCH_PATHS = "./FH/FH/**";
				VALIDATE_PRODUCT = YES;
			};
			name = Release;
		};
		A2CD322814D0300200C4D3F0 /* Debug */ = {
			isa = XCBuildConfiguration;
			buildSettings = {
				CODE_SIGN_IDENTITY = "iPhone Distribution: FeedHenry Ltd.";
				"CODE_SIGN_IDENTITY[sdk=iphoneos*]" = "iPhone Distribution";
				FRAMEWORK_SEARCH_PATHS = (
					"$(inherited)",
					"\"$(SRCROOT)/FH/build/Debug-iphoneos\"",
					"\"$(SRCROOT)/FH/build/Debug-iphonesimulator\"",
					"\"$(SRCROOT)/FH/dist/fh-framework-1.0.0\"",
				);
				GCC_PRECOMPILE_PREFIX_HEADER = YES;
				GCC_PREFIX_HEADER = "fh-ios-sdk/fh-ios-sdk-Prefix.pch";
				GCC_VERSION = com.apple.compilers.llvm.clang.1_0;
				HEADER_SEARCH_PATHS = "${SDKROOT}/usr/include/libxml";
				INFOPLIST_FILE = "fh-ios-sdk/fh-ios-sdk-Info.plist";
				LIBRARY_SEARCH_PATHS = (
					"./FH/FH/**",
					"\"$(SRCROOT)/FH/build/Debug-iphoneos\"",
					"\"$(SRCROOT)/FH/build/Debug-iphonesimulator\"",
				);
				ONLY_ACTIVE_ARCH = NO;
				OTHER_LDFLAGS = (
					"-ObjC",
					"-lxml2",
				);
				PRODUCT_NAME = "$(TARGET_NAME)";
				PROVISIONING_PROFILE = "27C169DA-70C6-4A93-BAFE-E7DBF5B0111E";
				"PROVISIONING_PROFILE[sdk=iphoneos*]" = "";
				USER_HEADER_SEARCH_PATHS = "./FH/FH/** ./FH/FH/Categories/** ./FH/FH/ThirdParty/**";
				VALID_ARCHS = "armv6 armv7 i386 armv7s";
				WRAPPER_EXTENSION = app;
			};
			name = Debug;
		};
		A2CD322914D0300200C4D3F0 /* Release */ = {
			isa = XCBuildConfiguration;
			buildSettings = {
				CODE_SIGN_IDENTITY = "iPhone Distribution: FeedHenry Ltd.";
				"CODE_SIGN_IDENTITY[sdk=iphoneos*]" = "iPhone Distribution";
				FRAMEWORK_SEARCH_PATHS = (
					"$(inherited)",
					"\"$(SRCROOT)/FH/build/Debug-iphoneos\"",
					"\"$(SRCROOT)/FH/build/Debug-iphonesimulator\"",
					"\"$(SRCROOT)/FH/dist/fh-framework-1.0.0\"",
				);
				GCC_PRECOMPILE_PREFIX_HEADER = YES;
				GCC_PREFIX_HEADER = "fh-ios-sdk/fh-ios-sdk-Prefix.pch";
				GCC_VERSION = com.apple.compilers.llvm.clang.1_0;
				HEADER_SEARCH_PATHS = "${SDKROOT}/usr/include/libxml";
				INFOPLIST_FILE = "fh-ios-sdk/fh-ios-sdk-Info.plist";
				LIBRARY_SEARCH_PATHS = (
					"./FH/FH/**",
					"\"$(SRCROOT)/FH/build/Debug-iphoneos\"",
					"\"$(SRCROOT)/FH/build/Debug-iphonesimulator\"",
				);
				ONLY_ACTIVE_ARCH = NO;
				OTHER_LDFLAGS = (
					"-ObjC",
					"-lxml2",
				);
				PRODUCT_NAME = "$(TARGET_NAME)";
				PROVISIONING_PROFILE = "27C169DA-70C6-4A93-BAFE-E7DBF5B0111E";
				"PROVISIONING_PROFILE[sdk=iphoneos*]" = "";
				USER_HEADER_SEARCH_PATHS = "./FH/FH/** ./FH/FH/Categories/** ./FH/FH/ThirdParty/**";
				VALID_ARCHS = "armv6 armv7 i386 armv7s";
				WRAPPER_EXTENSION = app;
			};
			name = Release;
		};
		A2CD322B14D0300200C4D3F0 /* Debug */ = {
			isa = XCBuildConfiguration;
			buildSettings = {
				BUNDLE_LOADER = "$(BUILT_PRODUCTS_DIR)/fh-ios-sdk.app/fh-ios-sdk";
				FRAMEWORK_SEARCH_PATHS = (
					"$(SDKROOT)/Developer/Library/Frameworks",
					"$(DEVELOPER_LIBRARY_DIR)/Frameworks",
				);
				GCC_PRECOMPILE_PREFIX_HEADER = YES;
				GCC_PREFIX_HEADER = "fh-ios-sdk/fh-ios-sdk-Prefix.pch";
				INFOPLIST_FILE = "fh-ios-sdkTests/fh-ios-sdkTests-Info.plist";
				PRODUCT_NAME = "$(TARGET_NAME)";
				TEST_HOST = "$(BUNDLE_LOADER)";
				WRAPPER_EXTENSION = octest;
			};
			name = Debug;
		};
		A2CD322C14D0300200C4D3F0 /* Release */ = {
			isa = XCBuildConfiguration;
			buildSettings = {
				BUNDLE_LOADER = "$(BUILT_PRODUCTS_DIR)/fh-ios-sdk.app/fh-ios-sdk";
				FRAMEWORK_SEARCH_PATHS = (
					"$(SDKROOT)/Developer/Library/Frameworks",
					"$(DEVELOPER_LIBRARY_DIR)/Frameworks",
				);
				GCC_PRECOMPILE_PREFIX_HEADER = YES;
				GCC_PREFIX_HEADER = "fh-ios-sdk/fh-ios-sdk-Prefix.pch";
				INFOPLIST_FILE = "fh-ios-sdkTests/fh-ios-sdkTests-Info.plist";
				PRODUCT_NAME = "$(TARGET_NAME)";
				TEST_HOST = "$(BUNDLE_LOADER)";
				WRAPPER_EXTENSION = octest;
			};
			name = Release;
		};
/* End XCBuildConfiguration section */

/* Begin XCConfigurationList section */
		A2CD31F414D0300200C4D3F0 /* Build configuration list for PBXProject "fh-ios-sdk" */ = {
			isa = XCConfigurationList;
			buildConfigurations = (
				A2CD322514D0300200C4D3F0 /* Debug */,
				A2CD322614D0300200C4D3F0 /* Release */,
			);
			defaultConfigurationIsVisible = 0;
			defaultConfigurationName = Debug;
		};
		A2CD322714D0300200C4D3F0 /* Build configuration list for PBXNativeTarget "fh-ios-sdk" */ = {
			isa = XCConfigurationList;
			buildConfigurations = (
				A2CD322814D0300200C4D3F0 /* Debug */,
				A2CD322914D0300200C4D3F0 /* Release */,
			);
			defaultConfigurationIsVisible = 0;
			defaultConfigurationName = Debug;
		};
		A2CD322A14D0300200C4D3F0 /* Build configuration list for PBXNativeTarget "fh-ios-sdkTests" */ = {
			isa = XCConfigurationList;
			buildConfigurations = (
				A2CD322B14D0300200C4D3F0 /* Debug */,
				A2CD322C14D0300200C4D3F0 /* Release */,
			);
			defaultConfigurationIsVisible = 0;
			defaultConfigurationName = Debug;
		};
/* End XCConfigurationList section */
	};
	rootObject = A2CD31F114D0300200C4D3F0 /* Project object */;
}
