// !$*UTF8*$!
{
	archiveVersion = 1;
	classes = {
	};
	objectVersion = 46;
	objects = {

/* Begin PBXBuildFile section */
		48627BF71BEA69B30011CA68 /* FHDataManager.h in Headers */ = {isa = PBXBuildFile; fileRef = 48627BF51BEA69B30011CA68 /* FHDataManager.h */; };
		48627BF81BEA69B30011CA68 /* FHDataManager.m in Sources */ = {isa = PBXBuildFile; fileRef = 48627BF61BEA69B30011CA68 /* FHDataManager.m */; };
		48627BFD1BEA69C30011CA68 /* FHConfig.h in Headers */ = {isa = PBXBuildFile; fileRef = 48627BF91BEA69C30011CA68 /* FHConfig.h */; };
		48627BFE1BEA69C30011CA68 /* FHConfig.m in Sources */ = {isa = PBXBuildFile; fileRef = 48627BFA1BEA69C30011CA68 /* FHConfig.m */; };
		48627BFF1BEA69C30011CA68 /* FHPushConfig.h in Headers */ = {isa = PBXBuildFile; fileRef = 48627BFB1BEA69C30011CA68 /* FHPushConfig.h */; };
		48627C001BEA69C30011CA68 /* FHPushConfig.m in Sources */ = {isa = PBXBuildFile; fileRef = 48627BFC1BEA69C30011CA68 /* FHPushConfig.m */; };
		48627C031BEA69FA0011CA68 /* FHCloudProps.h in Headers */ = {isa = PBXBuildFile; fileRef = 48627C011BEA69FA0011CA68 /* FHCloudProps.h */; };
		48627C041BEA69FA0011CA68 /* FHCloudProps.m in Sources */ = {isa = PBXBuildFile; fileRef = 48627C021BEA69FA0011CA68 /* FHCloudProps.m */; };
		48627C141BEA6A0C0011CA68 /* FHAct.h in Headers */ = {isa = PBXBuildFile; fileRef = 48627C051BEA6A0C0011CA68 /* FHAct.h */; };
		48627C151BEA6A0C0011CA68 /* FHAct.m in Sources */ = {isa = PBXBuildFile; fileRef = 48627C061BEA6A0C0011CA68 /* FHAct.m */; };
		48627C161BEA6A0C0011CA68 /* FHActRequest.h in Headers */ = {isa = PBXBuildFile; fileRef = 48627C071BEA6A0C0011CA68 /* FHActRequest.h */; };
		48627C171BEA6A0C0011CA68 /* FHActRequest.m in Sources */ = {isa = PBXBuildFile; fileRef = 48627C081BEA6A0C0011CA68 /* FHActRequest.m */; };
		48627C181BEA6A0C0011CA68 /* FHAuthRequest.h in Headers */ = {isa = PBXBuildFile; fileRef = 48627C091BEA6A0C0011CA68 /* FHAuthRequest.h */; };
		48627C191BEA6A0C0011CA68 /* FHAuthRequest.m in Sources */ = {isa = PBXBuildFile; fileRef = 48627C0A1BEA6A0C0011CA68 /* FHAuthRequest.m */; };
		48627C1A1BEA6A0C0011CA68 /* FHCloudRequest.h in Headers */ = {isa = PBXBuildFile; fileRef = 48627C0B1BEA6A0C0011CA68 /* FHCloudRequest.h */; };
		48627C1B1BEA6A0C0011CA68 /* FHCloudRequest.m in Sources */ = {isa = PBXBuildFile; fileRef = 48627C0C1BEA6A0C0011CA68 /* FHCloudRequest.m */; };
		48627C1C1BEA6A0C0011CA68 /* FHHttpClient.h in Headers */ = {isa = PBXBuildFile; fileRef = 48627C0D1BEA6A0C0011CA68 /* FHHttpClient.h */; };
		48627C1D1BEA6A0C0011CA68 /* FHHttpClient.m in Sources */ = {isa = PBXBuildFile; fileRef = 48627C0E1BEA6A0C0011CA68 /* FHHttpClient.m */; };
		48627C1E1BEA6A0C0011CA68 /* FHInitRequest.h in Headers */ = {isa = PBXBuildFile; fileRef = 48627C0F1BEA6A0C0011CA68 /* FHInitRequest.h */; };
		48627C1F1BEA6A0C0011CA68 /* FHInitRequest.m in Sources */ = {isa = PBXBuildFile; fileRef = 48627C101BEA6A0C0011CA68 /* FHInitRequest.m */; };
		48627C201BEA6A0C0011CA68 /* FHResponse.h in Headers */ = {isa = PBXBuildFile; fileRef = 48627C111BEA6A0C0011CA68 /* FHResponse.h */; };
		48627C211BEA6A0C0011CA68 /* FHResponse.m in Sources */ = {isa = PBXBuildFile; fileRef = 48627C121BEA6A0C0011CA68 /* FHResponse.m */; };
		48627C221BEA6A0C0011CA68 /* FHResponseDelegate.h in Headers */ = {isa = PBXBuildFile; fileRef = 48627C131BEA6A0C0011CA68 /* FHResponseDelegate.h */; };
		4862F9191C0EFDE1002DA2A7 /* FHResponseTest.m in Sources */ = {isa = PBXBuildFile; fileRef = 4862F9181C0EFDE1002DA2A7 /* FHResponseTest.m */; };
		487190E71BEB5A720006BA0C /* FHTest.m in Sources */ = {isa = PBXBuildFile; fileRef = 487190E61BEB5A720006BA0C /* FHTest.m */; };
		48B4D0511B316CCC00385BAC /* libFeedHenry.a in Frameworks */ = {isa = PBXBuildFile; fileRef = B3D7C48315D28BE30019262E /* libFeedHenry.a */; };
		48DCF07D1BE9F778001954D6 /* FHCloudRequestTest.m in Sources */ = {isa = PBXBuildFile; fileRef = 48DCF07C1BE9F778001954D6 /* FHCloudRequestTest.m */; };
		48DCF07F1BEA06B5001954D6 /* FHCloudPropsTest.m in Sources */ = {isa = PBXBuildFile; fileRef = 48DCF07E1BEA06B5001954D6 /* FHCloudPropsTest.m */; };
		48DCF0811BEA12FD001954D6 /* FHSyncClientTest.m in Sources */ = {isa = PBXBuildFile; fileRef = 48DCF0801BEA12FD001954D6 /* FHSyncClientTest.m */; };
		48DCF0851BEA59C5001954D6 /* FHDataManagerTest.m in Sources */ = {isa = PBXBuildFile; fileRef = 48DCF0841BEA59C5001954D6 /* FHDataManagerTest.m */; };
		6F1680381A9DD3A100E25BCC /* libz.dylib in Frameworks */ = {isa = PBXBuildFile; fileRef = B3D7C54E15D291EF0019262E /* libz.dylib */; };
		6F1680391A9DD3B100E25BCC /* libxml2.2.dylib in Frameworks */ = {isa = PBXBuildFile; fileRef = B3D7C54C15D291B40019262E /* libxml2.2.dylib */; };
		6F84682F1AB03C0100EC7593 /* FHJSON.h in Headers */ = {isa = PBXBuildFile; fileRef = 6F84682D1AB03C0100EC7593 /* FHJSON.h */; settings = {ATTRIBUTES = (Public, ); }; };
		6F8468301AB03C0100EC7593 /* FHJSON.m in Sources */ = {isa = PBXBuildFile; fileRef = 6F84682E1AB03C0100EC7593 /* FHJSON.m */; };
		6F9C5FC61A9B35E100C22C92 /* InfoPlist.strings in Resources */ = {isa = PBXBuildFile; fileRef = 6F9C5FC41A9B35E100C22C92 /* InfoPlist.strings */; };
		6F9C5FDB1A9B35F900C22C92 /* fhconfig.plist in Resources */ = {isa = PBXBuildFile; fileRef = 6F9C5FC91A9B35F900C22C92 /* fhconfig.plist */; };
		6F9C60821A9B36A200C22C92 /* FHOAuthViewController.m in Sources */ = {isa = PBXBuildFile; fileRef = 6F9C5FF81A9B366200C22C92 /* FHOAuthViewController.m */; };
		6F9C60841A9B36B100C22C92 /* FHSyncClient.m in Sources */ = {isa = PBXBuildFile; fileRef = 6F9C5FFB1A9B366200C22C92 /* FHSyncClient.m */; };
		6F9C60861A9B36B100C22C92 /* FHSyncConfig.m in Sources */ = {isa = PBXBuildFile; fileRef = 6F9C5FFD1A9B366200C22C92 /* FHSyncConfig.m */; };
		6F9C60881A9B36B100C22C92 /* FHSyncDataRecord.m in Sources */ = {isa = PBXBuildFile; fileRef = 6F9C5FFF1A9B366200C22C92 /* FHSyncDataRecord.m */; };
		6F9C608A1A9B36B100C22C92 /* FHSyncDataset.m in Sources */ = {isa = PBXBuildFile; fileRef = 6F9C60011A9B366200C22C92 /* FHSyncDataset.m */; };
		6F9C608D1A9B36B100C22C92 /* FHSyncNotificationMessage.m in Sources */ = {isa = PBXBuildFile; fileRef = 6F9C60041A9B366200C22C92 /* FHSyncNotificationMessage.m */; };
		6F9C608F1A9B36B100C22C92 /* FHSyncPendingDataRecord.m in Sources */ = {isa = PBXBuildFile; fileRef = 6F9C60061A9B366200C22C92 /* FHSyncPendingDataRecord.m */; };
		6F9C60911A9B36B100C22C92 /* FHSyncUtils.m in Sources */ = {isa = PBXBuildFile; fileRef = 6F9C60081A9B366200C22C92 /* FHSyncUtils.m */; };
		6F9C60AA1A9B37C000C22C92 /* FH.m in Sources */ = {isa = PBXBuildFile; fileRef = 6F9C60451A9B366200C22C92 /* FH.m */; };
		6FC784D71A9B9D95002485B5 /* UIKit.framework in Frameworks */ = {isa = PBXBuildFile; fileRef = 6FC784D61A9B9D95002485B5 /* UIKit.framework */; };
		6FCF31E71A9B40F20014B936 /* FHDefines.h in Headers */ = {isa = PBXBuildFile; fileRef = 6F9C5FEB1A9B366200C22C92 /* FHDefines.h */; settings = {ATTRIBUTES = (Public, ); }; };
		6FCF31E81A9B40F50014B936 /* FH.h in Headers */ = {isa = PBXBuildFile; fileRef = 6F9C5FE41A9B366200C22C92 /* FH.h */; settings = {ATTRIBUTES = (Public, ); }; };
		6FCF31F21A9B41740014B936 /* FHSyncClient.h in Headers */ = {isa = PBXBuildFile; fileRef = 6F9C5FFA1A9B366200C22C92 /* FHSyncClient.h */; settings = {ATTRIBUTES = (Public, ); }; };
		6FCF31F31A9B41760014B936 /* FHSyncConfig.h in Headers */ = {isa = PBXBuildFile; fileRef = 6F9C5FFC1A9B366200C22C92 /* FHSyncConfig.h */; settings = {ATTRIBUTES = (Public, ); }; };
		6FCF31F81A9B430F0014B936 /* FHSyncNotificationMessage.h in Headers */ = {isa = PBXBuildFile; fileRef = 6F9C60031A9B366200C22C92 /* FHSyncNotificationMessage.h */; settings = {ATTRIBUTES = (Public, ); }; };
		6FCF32081A9B47000014B936 /* FHConfigTests.m in Sources */ = {isa = PBXBuildFile; fileRef = 6F9C5FCB1A9B35F900C22C92 /* FHConfigTests.m */; };
		6FCF32091A9B47000014B936 /* FHSyncDataRecordTest.m in Sources */ = {isa = PBXBuildFile; fileRef = 6F9C5FCD1A9B35F900C22C92 /* FHSyncDataRecordTest.m */; };
		6FCF320A1A9B47000014B936 /* FHSyncDatasetTest.m in Sources */ = {isa = PBXBuildFile; fileRef = 6F9C5FCF1A9B35F900C22C92 /* FHSyncDatasetTest.m */; settings = {COMPILER_FLAGS = "-Wno-undeclared-selector"; }; };
		6FCF320B1A9B47000014B936 /* FHSyncPendingDataRecordTest.m in Sources */ = {isa = PBXBuildFile; fileRef = 6F9C5FD11A9B35F900C22C92 /* FHSyncPendingDataRecordTest.m */; };
		6FCF320C1A9B47000014B936 /* FHSyncUtilsTest.m in Sources */ = {isa = PBXBuildFile; fileRef = 6F9C5FD31A9B35F900C22C92 /* FHSyncUtilsTest.m */; };
		6FCF320D1A9B47000014B936 /* FHTests.m in Sources */ = {isa = PBXBuildFile; fileRef = 6F9C5FD51A9B35F900C22C92 /* FHTests.m */; };
		6FCF320E1A9B47000014B936 /* FHTestUtils.m in Sources */ = {isa = PBXBuildFile; fileRef = 6F9C5FD71A9B35F900C22C92 /* FHTestUtils.m */; };
		6FE7B3671ACEDEA90029C63F /* FHOAuthViewController.h in Headers */ = {isa = PBXBuildFile; fileRef = 6F9C5FF71A9B366200C22C92 /* FHOAuthViewController.h */; settings = {ATTRIBUTES = (Private, ); }; };
		6FE7B3681ACEDED10029C63F /* FHSyncDataRecord.h in Headers */ = {isa = PBXBuildFile; fileRef = 6F9C5FFE1A9B366200C22C92 /* FHSyncDataRecord.h */; settings = {ATTRIBUTES = (Private, ); }; };
		6FE7B3691ACEDED10029C63F /* FHSyncDataset.h in Headers */ = {isa = PBXBuildFile; fileRef = 6F9C60001A9B366200C22C92 /* FHSyncDataset.h */; settings = {ATTRIBUTES = (Private, ); }; };
		6FE7B36A1ACEDEF60029C63F /* FHSyncPendingDataRecord.h in Headers */ = {isa = PBXBuildFile; fileRef = 6F9C60051A9B366200C22C92 /* FHSyncPendingDataRecord.h */; settings = {ATTRIBUTES = (Private, ); }; };
		6FE7B36B1ACEDF1A0029C63F /* FHSyncUtils.h in Headers */ = {isa = PBXBuildFile; fileRef = 6F9C60071A9B366200C22C92 /* FHSyncUtils.h */; settings = {ATTRIBUTES = (Private, ); }; };
		B3AE9D7415D52CEB004EF454 /* CFNetwork.framework in Frameworks */ = {isa = PBXBuildFile; fileRef = B3D7C55015D2923C0019262E /* CFNetwork.framework */; };
		B3AE9D8A15D52DEE004EF454 /* CoreFoundation.framework in Frameworks */ = {isa = PBXBuildFile; fileRef = B3951AC315D2BA020091054A /* CoreFoundation.framework */; };
		B3AE9D8B15D52DFF004EF454 /* CoreFoundation.framework in Frameworks */ = {isa = PBXBuildFile; fileRef = B3951AC315D2BA020091054A /* CoreFoundation.framework */; };
		B3AE9D9215D52F19004EF454 /* SystemConfiguration.framework in Frameworks */ = {isa = PBXBuildFile; fileRef = B3AE9D9115D52F19004EF454 /* SystemConfiguration.framework */; };
		B3AE9D9315D52F5D004EF454 /* MobileCoreServices.framework in Frameworks */ = {isa = PBXBuildFile; fileRef = B3AE9D8E15D52E87004EF454 /* MobileCoreServices.framework */; };
		B3AE9D9415D52FA1004EF454 /* CoreGraphics.framework in Frameworks */ = {isa = PBXBuildFile; fileRef = B3AE9D8C15D52E5B004EF454 /* CoreGraphics.framework */; };
		B3AE9D9515D53134004EF454 /* MobileCoreServices.framework in Frameworks */ = {isa = PBXBuildFile; fileRef = B3AE9D8E15D52E87004EF454 /* MobileCoreServices.framework */; };
		B3AE9D9615D5313A004EF454 /* CoreGraphics.framework in Frameworks */ = {isa = PBXBuildFile; fileRef = B3AE9D8C15D52E5B004EF454 /* CoreGraphics.framework */; };
		B3AE9D9715D53141004EF454 /* SystemConfiguration.framework in Frameworks */ = {isa = PBXBuildFile; fileRef = B3AE9D9115D52F19004EF454 /* SystemConfiguration.framework */; };
		B3D7C48715D28BE30019262E /* Foundation.framework in Frameworks */ = {isa = PBXBuildFile; fileRef = B3D7C48615D28BE30019262E /* Foundation.framework */; };
		B3D7C49815D28BE30019262E /* Foundation.framework in Frameworks */ = {isa = PBXBuildFile; fileRef = B3D7C48615D28BE30019262E /* Foundation.framework */; };
		B3D7C55115D2923C0019262E /* CFNetwork.framework in Frameworks */ = {isa = PBXBuildFile; fileRef = B3D7C55015D2923C0019262E /* CFNetwork.framework */; };
		C2DFB2A96DEC101551B138DB /* libPods-FH-FHTests.a in Frameworks */ = {isa = PBXBuildFile; fileRef = 451DE651D8C4CA49497F9CA5 /* libPods-FH-FHTests.a */; };
		C53E38E21061237EBF5700D1 /* libPods-FH.a in Frameworks */ = {isa = PBXBuildFile; fileRef = 97ADCB5B6B89391C185A6896 /* libPods-FH.a */; };
/* End PBXBuildFile section */

/* Begin PBXContainerItemProxy section */
		B3D7C49915D28BE30019262E /* PBXContainerItemProxy */ = {
			isa = PBXContainerItemProxy;
			containerPortal = B3D7C47A15D28BE30019262E /* Project object */;
			proxyType = 1;
			remoteGlobalIDString = B3D7C48215D28BE30019262E;
			remoteInfo = FH;
		};
/* End PBXContainerItemProxy section */

/* Begin PBXFileReference section */
		2ED4605563E5C93BF10F2337 /* Pods-FH.debug.xcconfig */ = {isa = PBXFileReference; includeInIndex = 1; lastKnownFileType = text.xcconfig; name = "Pods-FH.debug.xcconfig"; path = "Pods/Target Support Files/Pods-FH/Pods-FH.debug.xcconfig"; sourceTree = "<group>"; };
		3FD8E9D15293A576E24527AF /* Pods-FH.release.xcconfig */ = {isa = PBXFileReference; includeInIndex = 1; lastKnownFileType = text.xcconfig; name = "Pods-FH.release.xcconfig"; path = "Pods/Target Support Files/Pods-FH/Pods-FH.release.xcconfig"; sourceTree = "<group>"; };
		451DE651D8C4CA49497F9CA5 /* libPods-FH-FHTests.a */ = {isa = PBXFileReference; explicitFileType = archive.ar; includeInIndex = 0; path = "libPods-FH-FHTests.a"; sourceTree = BUILT_PRODUCTS_DIR; };
		4821F44B1C3C246000538D49 /* FeedHenry.h */ = {isa = PBXFileReference; lastKnownFileType = sourcecode.c.h; name = FeedHenry.h; path = "fh-ios-sdk/FeedHenry.h"; sourceTree = SOURCE_ROOT; };
		48627BF51BEA69B30011CA68 /* FHDataManager.h */ = {isa = PBXFileReference; fileEncoding = 4; lastKnownFileType = sourcecode.c.h; name = FHDataManager.h; path = "fh-ios-sdk/Data/FHDataManager.h"; sourceTree = SOURCE_ROOT; };
		48627BF61BEA69B30011CA68 /* FHDataManager.m */ = {isa = PBXFileReference; fileEncoding = 4; lastKnownFileType = sourcecode.c.objc; name = FHDataManager.m; path = "fh-ios-sdk/Data/FHDataManager.m"; sourceTree = SOURCE_ROOT; };
		48627BF91BEA69C30011CA68 /* FHConfig.h */ = {isa = PBXFileReference; fileEncoding = 4; lastKnownFileType = sourcecode.c.h; name = FHConfig.h; path = "fh-ios-sdk/Config/FHConfig.h"; sourceTree = SOURCE_ROOT; };
		48627BFA1BEA69C30011CA68 /* FHConfig.m */ = {isa = PBXFileReference; fileEncoding = 4; lastKnownFileType = sourcecode.c.objc; name = FHConfig.m; path = "fh-ios-sdk/Config/FHConfig.m"; sourceTree = SOURCE_ROOT; };
		48627BFB1BEA69C30011CA68 /* FHPushConfig.h */ = {isa = PBXFileReference; fileEncoding = 4; lastKnownFileType = sourcecode.c.h; name = FHPushConfig.h; path = "fh-ios-sdk/Config/FHPushConfig.h"; sourceTree = SOURCE_ROOT; };
		48627BFC1BEA69C30011CA68 /* FHPushConfig.m */ = {isa = PBXFileReference; fileEncoding = 4; lastKnownFileType = sourcecode.c.objc; name = FHPushConfig.m; path = "fh-ios-sdk/Config/FHPushConfig.m"; sourceTree = SOURCE_ROOT; };
		48627C011BEA69FA0011CA68 /* FHCloudProps.h */ = {isa = PBXFileReference; fileEncoding = 4; lastKnownFileType = sourcecode.c.h; name = FHCloudProps.h; path = "fh-ios-sdk/Config/FHCloudProps.h"; sourceTree = SOURCE_ROOT; };
		48627C021BEA69FA0011CA68 /* FHCloudProps.m */ = {isa = PBXFileReference; fileEncoding = 4; lastKnownFileType = sourcecode.c.objc; name = FHCloudProps.m; path = "fh-ios-sdk/Config/FHCloudProps.m"; sourceTree = SOURCE_ROOT; };
		48627C051BEA6A0C0011CA68 /* FHAct.h */ = {isa = PBXFileReference; fileEncoding = 4; lastKnownFileType = sourcecode.c.h; name = FHAct.h; path = "fh-ios-sdk/Cloud/FHAct.h"; sourceTree = SOURCE_ROOT; };
		48627C061BEA6A0C0011CA68 /* FHAct.m */ = {isa = PBXFileReference; fileEncoding = 4; lastKnownFileType = sourcecode.c.objc; name = FHAct.m; path = "fh-ios-sdk/Cloud/FHAct.m"; sourceTree = SOURCE_ROOT; };
		48627C071BEA6A0C0011CA68 /* FHActRequest.h */ = {isa = PBXFileReference; fileEncoding = 4; lastKnownFileType = sourcecode.c.h; name = FHActRequest.h; path = "fh-ios-sdk/Cloud/FHActRequest.h"; sourceTree = SOURCE_ROOT; };
		48627C081BEA6A0C0011CA68 /* FHActRequest.m */ = {isa = PBXFileReference; fileEncoding = 4; lastKnownFileType = sourcecode.c.objc; name = FHActRequest.m; path = "fh-ios-sdk/Cloud/FHActRequest.m"; sourceTree = SOURCE_ROOT; };
		48627C091BEA6A0C0011CA68 /* FHAuthRequest.h */ = {isa = PBXFileReference; fileEncoding = 4; lastKnownFileType = sourcecode.c.h; name = FHAuthRequest.h; path = "fh-ios-sdk/Cloud/FHAuthRequest.h"; sourceTree = SOURCE_ROOT; };
		48627C0A1BEA6A0C0011CA68 /* FHAuthRequest.m */ = {isa = PBXFileReference; fileEncoding = 4; lastKnownFileType = sourcecode.c.objc; name = FHAuthRequest.m; path = "fh-ios-sdk/Cloud/FHAuthRequest.m"; sourceTree = SOURCE_ROOT; };
		48627C0B1BEA6A0C0011CA68 /* FHCloudRequest.h */ = {isa = PBXFileReference; fileEncoding = 4; lastKnownFileType = sourcecode.c.h; name = FHCloudRequest.h; path = "fh-ios-sdk/Cloud/FHCloudRequest.h"; sourceTree = SOURCE_ROOT; };
		48627C0C1BEA6A0C0011CA68 /* FHCloudRequest.m */ = {isa = PBXFileReference; fileEncoding = 4; lastKnownFileType = sourcecode.c.objc; name = FHCloudRequest.m; path = "fh-ios-sdk/Cloud/FHCloudRequest.m"; sourceTree = SOURCE_ROOT; };
		48627C0D1BEA6A0C0011CA68 /* FHHttpClient.h */ = {isa = PBXFileReference; fileEncoding = 4; lastKnownFileType = sourcecode.c.h; name = FHHttpClient.h; path = "fh-ios-sdk/Cloud/FHHttpClient.h"; sourceTree = SOURCE_ROOT; };
		48627C0E1BEA6A0C0011CA68 /* FHHttpClient.m */ = {isa = PBXFileReference; fileEncoding = 4; lastKnownFileType = sourcecode.c.objc; name = FHHttpClient.m; path = "fh-ios-sdk/Cloud/FHHttpClient.m"; sourceTree = SOURCE_ROOT; };
		48627C0F1BEA6A0C0011CA68 /* FHInitRequest.h */ = {isa = PBXFileReference; fileEncoding = 4; lastKnownFileType = sourcecode.c.h; name = FHInitRequest.h; path = "fh-ios-sdk/Cloud/FHInitRequest.h"; sourceTree = SOURCE_ROOT; };
		48627C101BEA6A0C0011CA68 /* FHInitRequest.m */ = {isa = PBXFileReference; fileEncoding = 4; lastKnownFileType = sourcecode.c.objc; name = FHInitRequest.m; path = "fh-ios-sdk/Cloud/FHInitRequest.m"; sourceTree = SOURCE_ROOT; };
		48627C111BEA6A0C0011CA68 /* FHResponse.h */ = {isa = PBXFileReference; fileEncoding = 4; lastKnownFileType = sourcecode.c.h; name = FHResponse.h; path = "fh-ios-sdk/Cloud/FHResponse.h"; sourceTree = SOURCE_ROOT; };
		48627C121BEA6A0C0011CA68 /* FHResponse.m */ = {isa = PBXFileReference; fileEncoding = 4; lastKnownFileType = sourcecode.c.objc; name = FHResponse.m; path = "fh-ios-sdk/Cloud/FHResponse.m"; sourceTree = SOURCE_ROOT; };
		48627C131BEA6A0C0011CA68 /* FHResponseDelegate.h */ = {isa = PBXFileReference; fileEncoding = 4; lastKnownFileType = sourcecode.c.h; name = FHResponseDelegate.h; path = "fh-ios-sdk/Cloud/FHResponseDelegate.h"; sourceTree = SOURCE_ROOT; };
		4862F9181C0EFDE1002DA2A7 /* FHResponseTest.m */ = {isa = PBXFileReference; fileEncoding = 4; lastKnownFileType = sourcecode.c.objc; name = FHResponseTest.m; path = "fh-ios-sdkTests/FHResponseTest.m"; sourceTree = SOURCE_ROOT; };
		487190E61BEB5A720006BA0C /* FHTest.m */ = {isa = PBXFileReference; fileEncoding = 4; lastKnownFileType = sourcecode.c.objc; name = FHTest.m; path = "fh-ios-sdkTests/FHTest.m"; sourceTree = SOURCE_ROOT; };
		48DCF07C1BE9F778001954D6 /* FHCloudRequestTest.m */ = {isa = PBXFileReference; fileEncoding = 4; lastKnownFileType = sourcecode.c.objc; name = FHCloudRequestTest.m; path = "fh-ios-sdkTests/FHCloudRequestTest.m"; sourceTree = SOURCE_ROOT; };
		48DCF07E1BEA06B5001954D6 /* FHCloudPropsTest.m */ = {isa = PBXFileReference; fileEncoding = 4; lastKnownFileType = sourcecode.c.objc; name = FHCloudPropsTest.m; path = "fh-ios-sdkTests/FHCloudPropsTest.m"; sourceTree = SOURCE_ROOT; };
		48DCF0801BEA12FD001954D6 /* FHSyncClientTest.m */ = {isa = PBXFileReference; fileEncoding = 4; lastKnownFileType = sourcecode.c.objc; name = FHSyncClientTest.m; path = "fh-ios-sdkTests/FHSyncClientTest.m"; sourceTree = SOURCE_ROOT; };
		48DCF0841BEA59C5001954D6 /* FHDataManagerTest.m */ = {isa = PBXFileReference; fileEncoding = 4; lastKnownFileType = sourcecode.c.objc; name = FHDataManagerTest.m; path = "fh-ios-sdkTests/FHDataManagerTest.m"; sourceTree = SOURCE_ROOT; };
		684A29C64ECFF3450165B9BD /* Pods-FH-FHTests.debug.xcconfig */ = {isa = PBXFileReference; includeInIndex = 1; lastKnownFileType = text.xcconfig; name = "Pods-FH-FHTests.debug.xcconfig"; path = "Pods/Target Support Files/Pods-FH-FHTests/Pods-FH-FHTests.debug.xcconfig"; sourceTree = "<group>"; };
		6F84682D1AB03C0100EC7593 /* FHJSON.h */ = {isa = PBXFileReference; fileEncoding = 4; lastKnownFileType = sourcecode.c.h; path = FHJSON.h; sourceTree = "<group>"; };
		6F84682E1AB03C0100EC7593 /* FHJSON.m */ = {isa = PBXFileReference; fileEncoding = 4; lastKnownFileType = sourcecode.c.objc; path = FHJSON.m; sourceTree = "<group>"; };
		6F9C5FC01A9B359400C22C92 /* fh-ios-sdk-Prefix.pch */ = {isa = PBXFileReference; fileEncoding = 4; lastKnownFileType = sourcecode.c.h; name = "fh-ios-sdk-Prefix.pch"; path = "fh-ios-sdk/fh-ios-sdk-Prefix.pch"; sourceTree = SOURCE_ROOT; };
		6F9C5FC21A9B35D600C22C92 /* fh-ios-sdkTests-Info.plist */ = {isa = PBXFileReference; fileEncoding = 4; lastKnownFileType = text.plist.xml; name = "fh-ios-sdkTests-Info.plist"; path = "fh-ios-sdkTests/fh-ios-sdkTests-Info.plist"; sourceTree = SOURCE_ROOT; };
		6F9C5FC51A9B35E100C22C92 /* en */ = {isa = PBXFileReference; lastKnownFileType = text.plist.strings; name = en; path = "fh-ios-sdkTests/en.lproj/InfoPlist.strings"; sourceTree = SOURCE_ROOT; };
		6F9C5FC91A9B35F900C22C92 /* fhconfig.plist */ = {isa = PBXFileReference; fileEncoding = 4; lastKnownFileType = text.plist.xml; name = fhconfig.plist; path = "fh-ios-sdkTests/fhconfig.plist"; sourceTree = SOURCE_ROOT; };
		6F9C5FCB1A9B35F900C22C92 /* FHConfigTests.m */ = {isa = PBXFileReference; fileEncoding = 4; lastKnownFileType = sourcecode.c.objc; name = FHConfigTests.m; path = "fh-ios-sdkTests/FHConfigTests.m"; sourceTree = SOURCE_ROOT; };
		6F9C5FCD1A9B35F900C22C92 /* FHSyncDataRecordTest.m */ = {isa = PBXFileReference; fileEncoding = 4; lastKnownFileType = sourcecode.c.objc; name = FHSyncDataRecordTest.m; path = "fh-ios-sdkTests/FHSyncDataRecordTest.m"; sourceTree = SOURCE_ROOT; };
		6F9C5FCF1A9B35F900C22C92 /* FHSyncDatasetTest.m */ = {isa = PBXFileReference; fileEncoding = 4; lastKnownFileType = sourcecode.c.objc; name = FHSyncDatasetTest.m; path = "fh-ios-sdkTests/FHSyncDatasetTest.m"; sourceTree = SOURCE_ROOT; };
		6F9C5FD11A9B35F900C22C92 /* FHSyncPendingDataRecordTest.m */ = {isa = PBXFileReference; fileEncoding = 4; lastKnownFileType = sourcecode.c.objc; name = FHSyncPendingDataRecordTest.m; path = "fh-ios-sdkTests/FHSyncPendingDataRecordTest.m"; sourceTree = SOURCE_ROOT; };
		6F9C5FD31A9B35F900C22C92 /* FHSyncUtilsTest.m */ = {isa = PBXFileReference; fileEncoding = 4; lastKnownFileType = sourcecode.c.objc; name = FHSyncUtilsTest.m; path = "fh-ios-sdkTests/FHSyncUtilsTest.m"; sourceTree = SOURCE_ROOT; };
		6F9C5FD51A9B35F900C22C92 /* FHTests.m */ = {isa = PBXFileReference; fileEncoding = 4; lastKnownFileType = sourcecode.c.objc; name = FHTests.m; path = "fh-ios-sdkTests/FHTests.m"; sourceTree = SOURCE_ROOT; };
		6F9C5FD61A9B35F900C22C92 /* FHTestUtils.h */ = {isa = PBXFileReference; fileEncoding = 4; lastKnownFileType = sourcecode.c.h; name = FHTestUtils.h; path = "fh-ios-sdkTests/FHTestUtils.h"; sourceTree = SOURCE_ROOT; };
		6F9C5FD71A9B35F900C22C92 /* FHTestUtils.m */ = {isa = PBXFileReference; fileEncoding = 4; lastKnownFileType = sourcecode.c.objc; name = FHTestUtils.m; path = "fh-ios-sdkTests/FHTestUtils.m"; sourceTree = SOURCE_ROOT; };
		6F9C5FE41A9B366200C22C92 /* FH.h */ = {isa = PBXFileReference; fileEncoding = 4; lastKnownFileType = sourcecode.c.h; name = FH.h; path = "fh-ios-sdk/FH.h"; sourceTree = SOURCE_ROOT; };
		6F9C5FEB1A9B366200C22C92 /* FHDefines.h */ = {isa = PBXFileReference; fileEncoding = 4; lastKnownFileType = sourcecode.c.h; name = FHDefines.h; path = "fh-ios-sdk/FHDefines.h"; sourceTree = SOURCE_ROOT; };
		6F9C5FF71A9B366200C22C92 /* FHOAuthViewController.h */ = {isa = PBXFileReference; fileEncoding = 4; lastKnownFileType = sourcecode.c.h; path = FHOAuthViewController.h; sourceTree = "<group>"; };
		6F9C5FF81A9B366200C22C92 /* FHOAuthViewController.m */ = {isa = PBXFileReference; fileEncoding = 4; lastKnownFileType = sourcecode.c.objc; path = FHOAuthViewController.m; sourceTree = "<group>"; };
		6F9C5FFA1A9B366200C22C92 /* FHSyncClient.h */ = {isa = PBXFileReference; fileEncoding = 4; lastKnownFileType = sourcecode.c.h; path = FHSyncClient.h; sourceTree = "<group>"; };
		6F9C5FFB1A9B366200C22C92 /* FHSyncClient.m */ = {isa = PBXFileReference; fileEncoding = 4; lastKnownFileType = sourcecode.c.objc; path = FHSyncClient.m; sourceTree = "<group>"; };
		6F9C5FFC1A9B366200C22C92 /* FHSyncConfig.h */ = {isa = PBXFileReference; fileEncoding = 4; lastKnownFileType = sourcecode.c.h; path = FHSyncConfig.h; sourceTree = "<group>"; };
		6F9C5FFD1A9B366200C22C92 /* FHSyncConfig.m */ = {isa = PBXFileReference; fileEncoding = 4; lastKnownFileType = sourcecode.c.objc; path = FHSyncConfig.m; sourceTree = "<group>"; };
		6F9C5FFE1A9B366200C22C92 /* FHSyncDataRecord.h */ = {isa = PBXFileReference; fileEncoding = 4; lastKnownFileType = sourcecode.c.h; path = FHSyncDataRecord.h; sourceTree = "<group>"; };
		6F9C5FFF1A9B366200C22C92 /* FHSyncDataRecord.m */ = {isa = PBXFileReference; fileEncoding = 4; lastKnownFileType = sourcecode.c.objc; path = FHSyncDataRecord.m; sourceTree = "<group>"; };
		6F9C60001A9B366200C22C92 /* FHSyncDataset.h */ = {isa = PBXFileReference; fileEncoding = 4; lastKnownFileType = sourcecode.c.h; path = FHSyncDataset.h; sourceTree = "<group>"; };
		6F9C60011A9B366200C22C92 /* FHSyncDataset.m */ = {isa = PBXFileReference; fileEncoding = 4; lastKnownFileType = sourcecode.c.objc; path = FHSyncDataset.m; sourceTree = "<group>"; };
		6F9C60021A9B366200C22C92 /* FHSyncDelegate.h */ = {isa = PBXFileReference; fileEncoding = 4; lastKnownFileType = sourcecode.c.h; path = FHSyncDelegate.h; sourceTree = "<group>"; };
		6F9C60031A9B366200C22C92 /* FHSyncNotificationMessage.h */ = {isa = PBXFileReference; fileEncoding = 4; lastKnownFileType = sourcecode.c.h; path = FHSyncNotificationMessage.h; sourceTree = "<group>"; };
		6F9C60041A9B366200C22C92 /* FHSyncNotificationMessage.m */ = {isa = PBXFileReference; fileEncoding = 4; lastKnownFileType = sourcecode.c.objc; path = FHSyncNotificationMessage.m; sourceTree = "<group>"; };
		6F9C60051A9B366200C22C92 /* FHSyncPendingDataRecord.h */ = {isa = PBXFileReference; fileEncoding = 4; lastKnownFileType = sourcecode.c.h; path = FHSyncPendingDataRecord.h; sourceTree = "<group>"; };
		6F9C60061A9B366200C22C92 /* FHSyncPendingDataRecord.m */ = {isa = PBXFileReference; fileEncoding = 4; lastKnownFileType = sourcecode.c.objc; path = FHSyncPendingDataRecord.m; sourceTree = "<group>"; };
		6F9C60071A9B366200C22C92 /* FHSyncUtils.h */ = {isa = PBXFileReference; fileEncoding = 4; lastKnownFileType = sourcecode.c.h; path = FHSyncUtils.h; sourceTree = "<group>"; };
		6F9C60081A9B366200C22C92 /* FHSyncUtils.m */ = {isa = PBXFileReference; fileEncoding = 4; lastKnownFileType = sourcecode.c.objc; path = FHSyncUtils.m; sourceTree = "<group>"; };
		6F9C60451A9B366200C22C92 /* FH.m */ = {isa = PBXFileReference; fileEncoding = 4; lastKnownFileType = sourcecode.c.objc; name = FH.m; path = "fh-ios-sdk/FH.m"; sourceTree = SOURCE_ROOT; };
		6FC784D61A9B9D95002485B5 /* UIKit.framework */ = {isa = PBXFileReference; lastKnownFileType = wrapper.framework; name = UIKit.framework; path = System/Library/Frameworks/UIKit.framework; sourceTree = SDKROOT; };
		97ADCB5B6B89391C185A6896 /* libPods-FH.a */ = {isa = PBXFileReference; explicitFileType = archive.ar; includeInIndex = 0; path = "libPods-FH.a"; sourceTree = BUILT_PRODUCTS_DIR; };
		992F278D07A0A39EC9C17A33 /* Pods-FH-FHTests.release.xcconfig */ = {isa = PBXFileReference; includeInIndex = 1; lastKnownFileType = text.xcconfig; name = "Pods-FH-FHTests.release.xcconfig"; path = "Pods/Target Support Files/Pods-FH-FHTests/Pods-FH-FHTests.release.xcconfig"; sourceTree = "<group>"; };
		B3951AAB15D2B96A0091054A /* Cocoa.framework */ = {isa = PBXFileReference; lastKnownFileType = wrapper.framework; name = Cocoa.framework; path = Library/Frameworks/Cocoa.framework; sourceTree = DEVELOPER_DIR; };
		B3951AAE15D2B96A0091054A /* AppKit.framework */ = {isa = PBXFileReference; lastKnownFileType = wrapper.framework; name = AppKit.framework; path = Library/Frameworks/AppKit.framework; sourceTree = SDKROOT; };
		B3951AAF15D2B96A0091054A /* CoreData.framework */ = {isa = PBXFileReference; lastKnownFileType = wrapper.framework; name = CoreData.framework; path = Library/Frameworks/CoreData.framework; sourceTree = SDKROOT; };
		B3951AB015D2B96A0091054A /* Foundation.framework */ = {isa = PBXFileReference; lastKnownFileType = wrapper.framework; name = Foundation.framework; path = Library/Frameworks/Foundation.framework; sourceTree = SDKROOT; };
		B3951AC315D2BA020091054A /* CoreFoundation.framework */ = {isa = PBXFileReference; lastKnownFileType = wrapper.framework; name = CoreFoundation.framework; path = System/Library/Frameworks/CoreFoundation.framework; sourceTree = SDKROOT; };
		B3AE9D8C15D52E5B004EF454 /* CoreGraphics.framework */ = {isa = PBXFileReference; lastKnownFileType = wrapper.framework; name = CoreGraphics.framework; path = System/Library/Frameworks/CoreGraphics.framework; sourceTree = SDKROOT; };
		B3AE9D8E15D52E87004EF454 /* MobileCoreServices.framework */ = {isa = PBXFileReference; lastKnownFileType = wrapper.framework; name = MobileCoreServices.framework; path = System/Library/Frameworks/MobileCoreServices.framework; sourceTree = SDKROOT; };
		B3AE9D9115D52F19004EF454 /* SystemConfiguration.framework */ = {isa = PBXFileReference; lastKnownFileType = wrapper.framework; name = SystemConfiguration.framework; path = System/Library/Frameworks/SystemConfiguration.framework; sourceTree = SDKROOT; };
		B3D7C48315D28BE30019262E /* libFeedHenry.a */ = {isa = PBXFileReference; explicitFileType = archive.ar; includeInIndex = 0; path = libFeedHenry.a; sourceTree = BUILT_PRODUCTS_DIR; };
		B3D7C48615D28BE30019262E /* Foundation.framework */ = {isa = PBXFileReference; lastKnownFileType = wrapper.framework; name = Foundation.framework; path = System/Library/Frameworks/Foundation.framework; sourceTree = SDKROOT; };
		B3D7C49315D28BE30019262E /* FHTests.xctest */ = {isa = PBXFileReference; explicitFileType = wrapper.cfbundle; includeInIndex = 0; path = FHTests.xctest; sourceTree = BUILT_PRODUCTS_DIR; };
		B3D7C49615D28BE30019262E /* UIKit.framework */ = {isa = PBXFileReference; lastKnownFileType = wrapper.framework; name = UIKit.framework; path = Library/Frameworks/UIKit.framework; sourceTree = DEVELOPER_DIR; };
		B3D7C54C15D291B40019262E /* libxml2.2.dylib */ = {isa = PBXFileReference; lastKnownFileType = "compiled.mach-o.dylib"; name = libxml2.2.dylib; path = usr/lib/libxml2.2.dylib; sourceTree = SDKROOT; };
		B3D7C54E15D291EF0019262E /* libz.dylib */ = {isa = PBXFileReference; lastKnownFileType = "compiled.mach-o.dylib"; name = libz.dylib; path = usr/lib/libz.dylib; sourceTree = SDKROOT; };
		B3D7C55015D2923C0019262E /* CFNetwork.framework */ = {isa = PBXFileReference; lastKnownFileType = wrapper.framework; name = CFNetwork.framework; path = System/Library/Frameworks/CFNetwork.framework; sourceTree = SDKROOT; };
		B3D7C55215D292A10019262E /* libxml2.dylib */ = {isa = PBXFileReference; lastKnownFileType = "compiled.mach-o.dylib"; name = libxml2.dylib; path = usr/lib/libxml2.dylib; sourceTree = SDKROOT; };
/* End PBXFileReference section */

/* Begin PBXFrameworksBuildPhase section */
		B3D7C48015D28BE30019262E /* Frameworks */ = {
			isa = PBXFrameworksBuildPhase;
			buildActionMask = 2147483647;
			files = (
				B3D7C48715D28BE30019262E /* Foundation.framework in Frameworks */,
				B3AE9D9715D53141004EF454 /* SystemConfiguration.framework in Frameworks */,
				B3AE9D9615D5313A004EF454 /* CoreGraphics.framework in Frameworks */,
				B3AE9D9515D53134004EF454 /* MobileCoreServices.framework in Frameworks */,
				B3AE9D8B15D52DFF004EF454 /* CoreFoundation.framework in Frameworks */,
				B3D7C55115D2923C0019262E /* CFNetwork.framework in Frameworks */,
				C53E38E21061237EBF5700D1 /* libPods-FH.a in Frameworks */,
			);
			runOnlyForDeploymentPostprocessing = 0;
		};
		B3D7C48F15D28BE30019262E /* Frameworks */ = {
			isa = PBXFrameworksBuildPhase;
			buildActionMask = 2147483647;
			files = (
				6F1680391A9DD3B100E25BCC /* libxml2.2.dylib in Frameworks */,
				6F1680381A9DD3A100E25BCC /* libz.dylib in Frameworks */,
				6FC784D71A9B9D95002485B5 /* UIKit.framework in Frameworks */,
				48B4D0511B316CCC00385BAC /* libFeedHenry.a in Frameworks */,
				B3AE9D9415D52FA1004EF454 /* CoreGraphics.framework in Frameworks */,
				B3AE9D9315D52F5D004EF454 /* MobileCoreServices.framework in Frameworks */,
				B3AE9D9215D52F19004EF454 /* SystemConfiguration.framework in Frameworks */,
				B3AE9D8A15D52DEE004EF454 /* CoreFoundation.framework in Frameworks */,
				B3AE9D7415D52CEB004EF454 /* CFNetwork.framework in Frameworks */,
				B3D7C49815D28BE30019262E /* Foundation.framework in Frameworks */,
				C2DFB2A96DEC101551B138DB /* libPods-FH-FHTests.a in Frameworks */,
			);
			runOnlyForDeploymentPostprocessing = 0;
		};
/* End PBXFrameworksBuildPhase section */

/* Begin PBXGroup section */
		22ED70B356477EB118A09DA7 /* Pods */ = {
			isa = PBXGroup;
			children = (
				2ED4605563E5C93BF10F2337 /* Pods-FH.debug.xcconfig */,
				3FD8E9D15293A576E24527AF /* Pods-FH.release.xcconfig */,
				684A29C64ECFF3450165B9BD /* Pods-FH-FHTests.debug.xcconfig */,
				992F278D07A0A39EC9C17A33 /* Pods-FH-FHTests.release.xcconfig */,
			);
			name = Pods;
			sourceTree = "<group>";
		};
		48B5C5CD1BE89DC900D8AA20 /* Config */ = {
			isa = PBXGroup;
			children = (
				48627BF91BEA69C30011CA68 /* FHConfig.h */,
				48627BFA1BEA69C30011CA68 /* FHConfig.m */,
				48627BFB1BEA69C30011CA68 /* FHPushConfig.h */,
				48627BFC1BEA69C30011CA68 /* FHPushConfig.m */,
				48627C011BEA69FA0011CA68 /* FHCloudProps.h */,
				48627C021BEA69FA0011CA68 /* FHCloudProps.m */,
			);
			name = Config;
			sourceTree = "<group>";
		};
		48B5C5CE1BE89DF200D8AA20 /* Cloud */ = {
			isa = PBXGroup;
			children = (
				48627C051BEA6A0C0011CA68 /* FHAct.h */,
				48627C061BEA6A0C0011CA68 /* FHAct.m */,
				48627C071BEA6A0C0011CA68 /* FHActRequest.h */,
				48627C081BEA6A0C0011CA68 /* FHActRequest.m */,
				48627C091BEA6A0C0011CA68 /* FHAuthRequest.h */,
				48627C0A1BEA6A0C0011CA68 /* FHAuthRequest.m */,
				48627C0B1BEA6A0C0011CA68 /* FHCloudRequest.h */,
				48627C0C1BEA6A0C0011CA68 /* FHCloudRequest.m */,
				48627C0D1BEA6A0C0011CA68 /* FHHttpClient.h */,
				48627C0E1BEA6A0C0011CA68 /* FHHttpClient.m */,
				48627C0F1BEA6A0C0011CA68 /* FHInitRequest.h */,
				48627C101BEA6A0C0011CA68 /* FHInitRequest.m */,
				48627C111BEA6A0C0011CA68 /* FHResponse.h */,
				48627C121BEA6A0C0011CA68 /* FHResponse.m */,
				48627C131BEA6A0C0011CA68 /* FHResponseDelegate.h */,
			);
			name = Cloud;
			sourceTree = "<group>";
		};
		48B5C5CF1BE89E5600D8AA20 /* Config */ = {
			isa = PBXGroup;
			children = (
				48DCF07E1BEA06B5001954D6 /* FHCloudPropsTest.m */,
				6F9C5FC91A9B35F900C22C92 /* fhconfig.plist */,
				6F9C5FCB1A9B35F900C22C92 /* FHConfigTests.m */,
			);
			name = Config;
			sourceTree = "<group>";
		};
		48B5C5D01BE8C3A400D8AA20 /* Sync */ = {
			isa = PBXGroup;
			children = (
				48B5C5D11BE8C3D100D8AA20 /* Mock */,
				6F9C5FCD1A9B35F900C22C92 /* FHSyncDataRecordTest.m */,
				6F9C5FCF1A9B35F900C22C92 /* FHSyncDatasetTest.m */,
				6F9C5FD11A9B35F900C22C92 /* FHSyncPendingDataRecordTest.m */,
				6F9C5FD31A9B35F900C22C92 /* FHSyncUtilsTest.m */,
				48DCF0801BEA12FD001954D6 /* FHSyncClientTest.m */,
			);
			name = Sync;
			sourceTree = "<group>";
		};
		48B5C5D11BE8C3D100D8AA20 /* Mock */ = {
			isa = PBXGroup;
			children = (
				6F9C5FD61A9B35F900C22C92 /* FHTestUtils.h */,
				6F9C5FD71A9B35F900C22C92 /* FHTestUtils.m */,
			);
			name = Mock;
			sourceTree = "<group>";
		};
		48B5C5D21BE8C3E100D8AA20 /* Cloud */ = {
			isa = PBXGroup;
			children = (
				6F9C5FD51A9B35F900C22C92 /* FHTests.m */,
				4862F9181C0EFDE1002DA2A7 /* FHResponseTest.m */,
				48DCF07C1BE9F778001954D6 /* FHCloudRequestTest.m */,
			);
			name = Cloud;
			sourceTree = "<group>";
		};
		48DCF0821BEA597D001954D6 /* Data */ = {
			isa = PBXGroup;
			children = (
				48627BF51BEA69B30011CA68 /* FHDataManager.h */,
				48627BF61BEA69B30011CA68 /* FHDataManager.m */,
			);
			name = Data;
			sourceTree = "<group>";
		};
		48DCF0831BEA599A001954D6 /* Data */ = {
			isa = PBXGroup;
			children = (
				48DCF0841BEA59C5001954D6 /* FHDataManagerTest.m */,
			);
			name = Data;
			sourceTree = "<group>";
		};
		6F84682C1AB03C0100EC7593 /* JSON */ = {
			isa = PBXGroup;
			children = (
				6F84682D1AB03C0100EC7593 /* FHJSON.h */,
				6F84682E1AB03C0100EC7593 /* FHJSON.m */,
			);
			path = JSON;
			sourceTree = "<group>";
		};
		6F9C5FF11A9B366200C22C92 /* Categories */ = {
			isa = PBXGroup;
			children = (
				6F84682C1AB03C0100EC7593 /* JSON */,
			);
			name = Categories;
			path = "fh-ios-sdk/Categories";
			sourceTree = SOURCE_ROOT;
		};
		6F9C5FF61A9B366200C22C92 /* OAuth */ = {
			isa = PBXGroup;
			children = (
				6F9C5FF71A9B366200C22C92 /* FHOAuthViewController.h */,
				6F9C5FF81A9B366200C22C92 /* FHOAuthViewController.m */,
			);
			name = OAuth;
			path = "fh-ios-sdk/OAuth";
			sourceTree = SOURCE_ROOT;
		};
		6F9C5FF91A9B366200C22C92 /* Sync */ = {
			isa = PBXGroup;
			children = (
				6F9C5FFA1A9B366200C22C92 /* FHSyncClient.h */,
				6F9C5FFB1A9B366200C22C92 /* FHSyncClient.m */,
				6F9C5FFC1A9B366200C22C92 /* FHSyncConfig.h */,
				6F9C5FFD1A9B366200C22C92 /* FHSyncConfig.m */,
				6F9C5FFE1A9B366200C22C92 /* FHSyncDataRecord.h */,
				6F9C5FFF1A9B366200C22C92 /* FHSyncDataRecord.m */,
				6F9C60001A9B366200C22C92 /* FHSyncDataset.h */,
				6F9C60011A9B366200C22C92 /* FHSyncDataset.m */,
				6F9C60021A9B366200C22C92 /* FHSyncDelegate.h */,
				6F9C60031A9B366200C22C92 /* FHSyncNotificationMessage.h */,
				6F9C60041A9B366200C22C92 /* FHSyncNotificationMessage.m */,
				6F9C60051A9B366200C22C92 /* FHSyncPendingDataRecord.h */,
				6F9C60061A9B366200C22C92 /* FHSyncPendingDataRecord.m */,
				6F9C60071A9B366200C22C92 /* FHSyncUtils.h */,
				6F9C60081A9B366200C22C92 /* FHSyncUtils.m */,
			);
			name = Sync;
			path = "fh-ios-sdk/Sync";
			sourceTree = SOURCE_ROOT;
		};
		B3951AAD15D2B96A0091054A /* Other Frameworks */ = {
			isa = PBXGroup;
			children = (
				B3951AAE15D2B96A0091054A /* AppKit.framework */,
				B3951AAF15D2B96A0091054A /* CoreData.framework */,
				B3951AB015D2B96A0091054A /* Foundation.framework */,
			);
			name = "Other Frameworks";
			sourceTree = "<group>";
		};
		B3D7C47815D28BE30019262E = {
			isa = PBXGroup;
			children = (
				B3D7C48815D28BE30019262E /* fh-ios-sdk */,
				B3D7C49C15D28BE30019262E /* fh-ios-sdkTests */,
				B3D7C48515D28BE30019262E /* Frameworks */,
				B3D7C48415D28BE30019262E /* Products */,
				22ED70B356477EB118A09DA7 /* Pods */,
			);
			sourceTree = "<group>";
		};
		B3D7C48415D28BE30019262E /* Products */ = {
			isa = PBXGroup;
			children = (
				B3D7C48315D28BE30019262E /* libFeedHenry.a */,
				B3D7C49315D28BE30019262E /* FHTests.xctest */,
			);
			name = Products;
			sourceTree = "<group>";
		};
		B3D7C48515D28BE30019262E /* Frameworks */ = {
			isa = PBXGroup;
			children = (
				6FC784D61A9B9D95002485B5 /* UIKit.framework */,
				B3AE9D9115D52F19004EF454 /* SystemConfiguration.framework */,
				B3AE9D8E15D52E87004EF454 /* MobileCoreServices.framework */,
				B3AE9D8C15D52E5B004EF454 /* CoreGraphics.framework */,
				B3D7C55215D292A10019262E /* libxml2.dylib */,
				B3D7C55015D2923C0019262E /* CFNetwork.framework */,
				B3D7C54E15D291EF0019262E /* libz.dylib */,
				B3D7C54C15D291B40019262E /* libxml2.2.dylib */,
				B3D7C48615D28BE30019262E /* Foundation.framework */,
				B3D7C49615D28BE30019262E /* UIKit.framework */,
				B3951AAB15D2B96A0091054A /* Cocoa.framework */,
				B3951AC315D2BA020091054A /* CoreFoundation.framework */,
				B3951AAD15D2B96A0091054A /* Other Frameworks */,
				97ADCB5B6B89391C185A6896 /* libPods-FH.a */,
				451DE651D8C4CA49497F9CA5 /* libPods-FH-FHTests.a */,
			);
			name = Frameworks;
			sourceTree = "<group>";
		};
		B3D7C48815D28BE30019262E /* fh-ios-sdk */ = {
			isa = PBXGroup;
			children = (
				48B5C5CE1BE89DF200D8AA20 /* Cloud */,
				48B5C5CD1BE89DC900D8AA20 /* Config */,
				6F9C5FF11A9B366200C22C92 /* Categories */,
				6F9C5FF61A9B366200C22C92 /* OAuth */,
				6F9C5FF91A9B366200C22C92 /* Sync */,
				48DCF0821BEA597D001954D6 /* Data */,
				6F9C5FEB1A9B366200C22C92 /* FHDefines.h */,
				4821F44B1C3C246000538D49 /* FeedHenry.h */,
				6F9C5FE41A9B366200C22C92 /* FH.h */,
				6F9C60451A9B366200C22C92 /* FH.m */,
				B3D7C48915D28BE30019262E /* Supporting Files */,
			);
			name = "fh-ios-sdk";
			path = FH;
			sourceTree = "<group>";
		};
		B3D7C48915D28BE30019262E /* Supporting Files */ = {
			isa = PBXGroup;
			children = (
				6F9C5FC01A9B359400C22C92 /* fh-ios-sdk-Prefix.pch */,
			);
			name = "Supporting Files";
			sourceTree = "<group>";
		};
		B3D7C49C15D28BE30019262E /* fh-ios-sdkTests */ = {
			isa = PBXGroup;
			children = (
				48B5C5D21BE8C3E100D8AA20 /* Cloud */,
				48B5C5CF1BE89E5600D8AA20 /* Config */,
				48B5C5D01BE8C3A400D8AA20 /* Sync */,
				48DCF0831BEA599A001954D6 /* Data */,
				B3D7C49D15D28BE30019262E /* Supporting Files */,
				487190E61BEB5A720006BA0C /* FHTest.m */,
			);
			name = "fh-ios-sdkTests";
			path = FHTests;
			sourceTree = "<group>";
		};
		B3D7C49D15D28BE30019262E /* Supporting Files */ = {
			isa = PBXGroup;
			children = (
				6F9C5FC21A9B35D600C22C92 /* fh-ios-sdkTests-Info.plist */,
				6F9C5FC41A9B35E100C22C92 /* InfoPlist.strings */,
			);
			name = "Supporting Files";
			sourceTree = "<group>";
		};
/* End PBXGroup section */

/* Begin PBXHeadersBuildPhase section */
		B3D7C48115D28BE30019262E /* Headers */ = {
			isa = PBXHeadersBuildPhase;
			buildActionMask = 2147483647;
			files = (
				48627BF71BEA69B30011CA68 /* FHDataManager.h in Headers */,
				6FCF31F21A9B41740014B936 /* FHSyncClient.h in Headers */,
				48627C031BEA69FA0011CA68 /* FHCloudProps.h in Headers */,
				48627C141BEA6A0C0011CA68 /* FHAct.h in Headers */,
				6FCF31E71A9B40F20014B936 /* FHDefines.h in Headers */,
				48627C1C1BEA6A0C0011CA68 /* FHHttpClient.h in Headers */,
				48627C161BEA6A0C0011CA68 /* FHActRequest.h in Headers */,
				48627C1A1BEA6A0C0011CA68 /* FHCloudRequest.h in Headers */,
				48627BFD1BEA69C30011CA68 /* FHConfig.h in Headers */,
				6FCF31F31A9B41760014B936 /* FHSyncConfig.h in Headers */,
				48627C201BEA6A0C0011CA68 /* FHResponse.h in Headers */,
				48627C181BEA6A0C0011CA68 /* FHAuthRequest.h in Headers */,
				6FCF31F81A9B430F0014B936 /* FHSyncNotificationMessage.h in Headers */,
				6F84682F1AB03C0100EC7593 /* FHJSON.h in Headers */,
				48627C221BEA6A0C0011CA68 /* FHResponseDelegate.h in Headers */,
				48627C1E1BEA6A0C0011CA68 /* FHInitRequest.h in Headers */,
				6FCF31E81A9B40F50014B936 /* FH.h in Headers */,
				48627BFF1BEA69C30011CA68 /* FHPushConfig.h in Headers */,
				6FE7B36B1ACEDF1A0029C63F /* FHSyncUtils.h in Headers */,
				6FE7B3681ACEDED10029C63F /* FHSyncDataRecord.h in Headers */,
				6FE7B3691ACEDED10029C63F /* FHSyncDataset.h in Headers */,
				6FE7B36A1ACEDEF60029C63F /* FHSyncPendingDataRecord.h in Headers */,
				6FE7B3671ACEDEA90029C63F /* FHOAuthViewController.h in Headers */,
			);
			runOnlyForDeploymentPostprocessing = 0;
		};
/* End PBXHeadersBuildPhase section */

/* Begin PBXNativeTarget section */
		B3D7C48215D28BE30019262E /* FH */ = {
			isa = PBXNativeTarget;
			buildConfigurationList = B3D7C4A715D28BE30019262E /* Build configuration list for PBXNativeTarget "FH" */;
			buildPhases = (
				E3A3F5E46F1AA812E265A379 /* [CP] Check Pods Manifest.lock */,
				B3D7C47F15D28BE30019262E /* Sources */,
				B3D7C48015D28BE30019262E /* Frameworks */,
				B3D7C48115D28BE30019262E /* Headers */,
				B3DBAFD115D3086D0092ABA3 /* Prepare Framework */,
				65F1BA4D8CD81FE51F21EACD /* [CP] Copy Pods Resources */,
			);
			buildRules = (
			);
			dependencies = (
			);
			name = FH;
			productName = FH;
			productReference = B3D7C48315D28BE30019262E /* libFeedHenry.a */;
			productType = "com.apple.product-type.library.static";
		};
		B3D7C49215D28BE30019262E /* FHTests */ = {
			isa = PBXNativeTarget;
			buildConfigurationList = B3D7C4AA15D28BE30019262E /* Build configuration list for PBXNativeTarget "FHTests" */;
			buildPhases = (
				BBD32F9CB1AD10F81B652564 /* [CP] Check Pods Manifest.lock */,
				B3D7C48E15D28BE30019262E /* Sources */,
				B3D7C48F15D28BE30019262E /* Frameworks */,
				B3D7C49015D28BE30019262E /* Resources */,
				5BC52CACC61E8F9F9CC22717 /* [CP] Embed Pods Frameworks */,
				87575E8BDE631ABD96E20848 /* [CP] Copy Pods Resources */,
			);
			buildRules = (
			);
			dependencies = (
				B3D7C49A15D28BE30019262E /* PBXTargetDependency */,
			);
			name = FHTests;
			productName = FHTests;
			productReference = B3D7C49315D28BE30019262E /* FHTests.xctest */;
			productType = "com.apple.product-type.bundle.unit-test";
		};
/* End PBXNativeTarget section */

/* Begin PBXProject section */
		B3D7C47A15D28BE30019262E /* Project object */ = {
			isa = PBXProject;
			attributes = {
				LastTestingUpgradeCheck = 0620;
				LastUpgradeCheck = 0700;
				ORGANIZATIONNAME = FeedHenry;
			};
			buildConfigurationList = B3D7C47D15D28BE30019262E /* Build configuration list for PBXProject "fh-ios-sdk" */;
			compatibilityVersion = "Xcode 3.2";
			developmentRegion = English;
			hasScannedForEncodings = 0;
			knownRegions = (
				en,
			);
			mainGroup = B3D7C47815D28BE30019262E;
			productRefGroup = B3D7C48415D28BE30019262E /* Products */;
			projectDirPath = "";
			projectRoot = "";
			targets = (
				B3D7C48215D28BE30019262E /* FH */,
				B3D7C49215D28BE30019262E /* FHTests */,
			);
		};
/* End PBXProject section */

/* Begin PBXResourcesBuildPhase section */
		B3D7C49015D28BE30019262E /* Resources */ = {
			isa = PBXResourcesBuildPhase;
			buildActionMask = 2147483647;
			files = (
				6F9C5FC61A9B35E100C22C92 /* InfoPlist.strings in Resources */,
				6F9C5FDB1A9B35F900C22C92 /* fhconfig.plist in Resources */,
			);
			runOnlyForDeploymentPostprocessing = 0;
		};
/* End PBXResourcesBuildPhase section */

/* Begin PBXShellScriptBuildPhase section */
		5BC52CACC61E8F9F9CC22717 /* [CP] Embed Pods Frameworks */ = {
			isa = PBXShellScriptBuildPhase;
			buildActionMask = 2147483647;
			files = (
			);
			inputPaths = (
			);
			name = "[CP] Embed Pods Frameworks";
			outputPaths = (
			);
			runOnlyForDeploymentPostprocessing = 0;
			shellPath = /bin/sh;
			shellScript = "\"${SRCROOT}/Pods/Target Support Files/Pods-FH-FHTests/Pods-FH-FHTests-frameworks.sh\"\n";
			showEnvVarsInLog = 0;
		};
		65F1BA4D8CD81FE51F21EACD /* [CP] Copy Pods Resources */ = {
			isa = PBXShellScriptBuildPhase;
			buildActionMask = 2147483647;
			files = (
			);
			inputPaths = (
			);
			name = "[CP] Copy Pods Resources";
			outputPaths = (
			);
			runOnlyForDeploymentPostprocessing = 0;
			shellPath = /bin/sh;
			shellScript = "\"${SRCROOT}/Pods/Target Support Files/Pods-FH/Pods-FH-resources.sh\"\n";
			showEnvVarsInLog = 0;
		};
		87575E8BDE631ABD96E20848 /* [CP] Copy Pods Resources */ = {
			isa = PBXShellScriptBuildPhase;
			buildActionMask = 2147483647;
			files = (
			);
			inputPaths = (
			);
			name = "[CP] Copy Pods Resources";
			outputPaths = (
			);
			runOnlyForDeploymentPostprocessing = 0;
			shellPath = /bin/sh;
			shellScript = "\"${SRCROOT}/Pods/Target Support Files/Pods-FH-FHTests/Pods-FH-FHTests-resources.sh\"\n";
			showEnvVarsInLog = 0;
		};
		B3DBAFD115D3086D0092ABA3 /* Prepare Framework */ = {
			isa = PBXShellScriptBuildPhase;
			buildActionMask = 2147483647;
			files = (
			);
			inputPaths = (
			);
			name = "Prepare Framework";
			outputPaths = (
			);
			runOnlyForDeploymentPostprocessing = 0;
			shellPath = /bin/sh;
			shellScript = "set -e\nFH_SDK_VERSION=\"Current\"\necho \"Current FH SDK Version is $FH_SDK_VERSION\"\nmkdir -p \"${BUILT_PRODUCTS_DIR}/${PRODUCT_NAME}.framework/\"\nmkdir -p \"${BUILT_PRODUCTS_DIR}/${PRODUCT_NAME}.framework/Headers\"\n\n# Link the \"Current\" version to \"A\"\n#/bin/ln -sfh $FH_SDK_VERSION \"${BUILT_PRODUCTS_DIR}/${PRODUCT_NAME}.framework/Versions/Current\"\n#/bin/ln -sfh Versions/Current/Headers \"${BUILT_PRODUCTS_DIR}/${PRODUCT_NAME}.framework/Headers\"\n#/bin/ln -sfh \"Versions/Current/${PRODUCT_NAME}\" \"${BUILT_PRODUCTS_DIR}/${PRODUCT_NAME}.framework/${PRODUCT_NAME}\"\n\n# The -a ensures that the headers maintain the source modification date so that we don't constantly\n# cause propagating rebuilds of files that import these headers.\n/bin/cp -a \"${TARGET_BUILD_DIR}/${PUBLIC_HEADERS_FOLDER_PATH}/\" \"${BUILT_PRODUCTS_DIR}/${PRODUCT_NAME}.framework/Headers\"";
		};
		BBD32F9CB1AD10F81B652564 /* [CP] Check Pods Manifest.lock */ = {
			isa = PBXShellScriptBuildPhase;
			buildActionMask = 2147483647;
			files = (
			);
			inputPaths = (
				"${PODS_PODFILE_DIR_PATH}/Podfile.lock",
				"${PODS_ROOT}/Manifest.lock",
			);
			name = "[CP] Check Pods Manifest.lock";
			outputPaths = (
				"$(DERIVED_FILE_DIR)/Pods-FH-FHTests-checkManifestLockResult.txt",
			);
			runOnlyForDeploymentPostprocessing = 0;
			shellPath = /bin/sh;
			shellScript = "diff \"${PODS_PODFILE_DIR_PATH}/Podfile.lock\" \"${PODS_ROOT}/Manifest.lock\" > /dev/null\nif [ $? != 0 ] ; then\n    # print error to STDERR\n    echo \"error: The sandbox is not in sync with the Podfile.lock. Run 'pod install' or update your CocoaPods installation.\" >&2\n    exit 1\nfi\n# This output is used by Xcode 'outputs' to avoid re-running this script phase.\necho \"SUCCESS\" > \"${SCRIPT_OUTPUT_FILE_0}\"\n";
			showEnvVarsInLog = 0;
		};
		E3A3F5E46F1AA812E265A379 /* [CP] Check Pods Manifest.lock */ = {
			isa = PBXShellScriptBuildPhase;
			buildActionMask = 2147483647;
			files = (
			);
			inputPaths = (
				"${PODS_PODFILE_DIR_PATH}/Podfile.lock",
				"${PODS_ROOT}/Manifest.lock",
			);
			name = "[CP] Check Pods Manifest.lock";
			outputPaths = (
				"$(DERIVED_FILE_DIR)/Pods-FH-checkManifestLockResult.txt",
			);
			runOnlyForDeploymentPostprocessing = 0;
			shellPath = /bin/sh;
			shellScript = "diff \"${PODS_PODFILE_DIR_PATH}/Podfile.lock\" \"${PODS_ROOT}/Manifest.lock\" > /dev/null\nif [ $? != 0 ] ; then\n    # print error to STDERR\n    echo \"error: The sandbox is not in sync with the Podfile.lock. Run 'pod install' or update your CocoaPods installation.\" >&2\n    exit 1\nfi\n# This output is used by Xcode 'outputs' to avoid re-running this script phase.\necho \"SUCCESS\" > \"${SCRIPT_OUTPUT_FILE_0}\"\n";
			showEnvVarsInLog = 0;
		};
/* End PBXShellScriptBuildPhase section */

/* Begin PBXSourcesBuildPhase section */
		B3D7C47F15D28BE30019262E /* Sources */ = {
			isa = PBXSourcesBuildPhase;
			buildActionMask = 2147483647;
			files = (
				48627C001BEA69C30011CA68 /* FHPushConfig.m in Sources */,
				48627C171BEA6A0C0011CA68 /* FHActRequest.m in Sources */,
				6F9C60AA1A9B37C000C22C92 /* FH.m in Sources */,
				48627BFE1BEA69C30011CA68 /* FHConfig.m in Sources */,
				48627C1B1BEA6A0C0011CA68 /* FHCloudRequest.m in Sources */,
				48627C211BEA6A0C0011CA68 /* FHResponse.m in Sources */,
				48627C041BEA69FA0011CA68 /* FHCloudProps.m in Sources */,
				48627C1D1BEA6A0C0011CA68 /* FHHttpClient.m in Sources */,
				48627C151BEA6A0C0011CA68 /* FHAct.m in Sources */,
				6F9C60841A9B36B100C22C92 /* FHSyncClient.m in Sources */,
				6F9C60861A9B36B100C22C92 /* FHSyncConfig.m in Sources */,
				6F9C60881A9B36B100C22C92 /* FHSyncDataRecord.m in Sources */,
				6F9C608A1A9B36B100C22C92 /* FHSyncDataset.m in Sources */,
				6F9C608D1A9B36B100C22C92 /* FHSyncNotificationMessage.m in Sources */,
				48627C1F1BEA6A0C0011CA68 /* FHInitRequest.m in Sources */,
				6F9C608F1A9B36B100C22C92 /* FHSyncPendingDataRecord.m in Sources */,
				48627C191BEA6A0C0011CA68 /* FHAuthRequest.m in Sources */,
				6F8468301AB03C0100EC7593 /* FHJSON.m in Sources */,
				6F9C60911A9B36B100C22C92 /* FHSyncUtils.m in Sources */,
				6F9C60821A9B36A200C22C92 /* FHOAuthViewController.m in Sources */,
				48627BF81BEA69B30011CA68 /* FHDataManager.m in Sources */,
			);
			runOnlyForDeploymentPostprocessing = 0;
		};
		B3D7C48E15D28BE30019262E /* Sources */ = {
			isa = PBXSourcesBuildPhase;
			buildActionMask = 2147483647;
			files = (
				48DCF07F1BEA06B5001954D6 /* FHCloudPropsTest.m in Sources */,
				48DCF0851BEA59C5001954D6 /* FHDataManagerTest.m in Sources */,
				6FCF32081A9B47000014B936 /* FHConfigTests.m in Sources */,
				6FCF32091A9B47000014B936 /* FHSyncDataRecordTest.m in Sources */,
				6FCF320A1A9B47000014B936 /* FHSyncDatasetTest.m in Sources */,
				6FCF320B1A9B47000014B936 /* FHSyncPendingDataRecordTest.m in Sources */,
				48DCF0811BEA12FD001954D6 /* FHSyncClientTest.m in Sources */,
				6FCF320C1A9B47000014B936 /* FHSyncUtilsTest.m in Sources */,
				6FCF320D1A9B47000014B936 /* FHTests.m in Sources */,
				6FCF320E1A9B47000014B936 /* FHTestUtils.m in Sources */,
				487190E71BEB5A720006BA0C /* FHTest.m in Sources */,
				48DCF07D1BE9F778001954D6 /* FHCloudRequestTest.m in Sources */,
				4862F9191C0EFDE1002DA2A7 /* FHResponseTest.m in Sources */,
			);
			runOnlyForDeploymentPostprocessing = 0;
		};
/* End PBXSourcesBuildPhase section */

/* Begin PBXTargetDependency section */
		B3D7C49A15D28BE30019262E /* PBXTargetDependency */ = {
			isa = PBXTargetDependency;
			target = B3D7C48215D28BE30019262E /* FH */;
			targetProxy = B3D7C49915D28BE30019262E /* PBXContainerItemProxy */;
		};
/* End PBXTargetDependency section */

/* Begin PBXVariantGroup section */
		6F9C5FC41A9B35E100C22C92 /* InfoPlist.strings */ = {
			isa = PBXVariantGroup;
			children = (
				6F9C5FC51A9B35E100C22C92 /* en */,
			);
			name = InfoPlist.strings;
			sourceTree = "<group>";
		};
/* End PBXVariantGroup section */

/* Begin XCBuildConfiguration section */
		B3D7C4A515D28BE30019262E /* Debug */ = {
			isa = XCBuildConfiguration;
			buildSettings = {
				ALWAYS_SEARCH_USER_PATHS = NO;
				CLANG_ENABLE_OBJC_ARC = YES;
				CLANG_WARN_BOOL_CONVERSION = YES;
				CLANG_WARN_CONSTANT_CONVERSION = YES;
				CLANG_WARN_EMPTY_BODY = YES;
				CLANG_WARN_ENUM_CONVERSION = YES;
				CLANG_WARN_INT_CONVERSION = YES;
				CLANG_WARN_UNREACHABLE_CODE = YES;
				CLANG_WARN__DUPLICATE_METHOD_MATCH = YES;
				COPY_PHASE_STRIP = NO;
				DEFINES_MODULE = YES;
				ENABLE_STRICT_OBJC_MSGSEND = YES;
				ENABLE_TESTABILITY = YES;
				FRAMEWORK_SEARCH_PATHS = "$(inherited)";
				"FRAMEWORK_SEARCH_PATHS[arch=*]" = "$(inherited)";
				GCC_C_LANGUAGE_STANDARD = gnu99;
				GCC_DYNAMIC_NO_PIC = NO;
				GCC_GENERATE_TEST_COVERAGE_FILES = YES;
				GCC_INSTRUMENT_PROGRAM_FLOW_ARCS = YES;
				GCC_OPTIMIZATION_LEVEL = 0;
				GCC_PREPROCESSOR_DEFINITIONS = (
					"DEBUG=1",
					"$(inherited)",
				);
				GCC_SYMBOLS_PRIVATE_EXTERN = NO;
				GCC_WARN_64_TO_32_BIT_CONVERSION = YES;
				GCC_WARN_ABOUT_MISSING_PROTOTYPES = YES;
				GCC_WARN_ABOUT_RETURN_TYPE = YES;
				GCC_WARN_UNDECLARED_SELECTOR = YES;
				GCC_WARN_UNINITIALIZED_AUTOS = YES;
				GCC_WARN_UNUSED_FUNCTION = YES;
				GCC_WARN_UNUSED_VARIABLE = YES;
				GENERATE_PROFILING_CODE = NO;
				IPHONEOS_DEPLOYMENT_TARGET = 9.0;
				MODULEMAP_FILE = "fh-ios-sdk/FH.modulemap";
				ONLY_ACTIVE_ARCH = YES;
				SDKROOT = iphoneos;
				TARGETED_DEVICE_FAMILY = "1,2";
			};
			name = Debug;
		};
		B3D7C4A615D28BE30019262E /* Release */ = {
			isa = XCBuildConfiguration;
			buildSettings = {
				ALWAYS_SEARCH_USER_PATHS = NO;
				CLANG_ENABLE_OBJC_ARC = YES;
				CLANG_WARN_BOOL_CONVERSION = YES;
				CLANG_WARN_CONSTANT_CONVERSION = YES;
				CLANG_WARN_EMPTY_BODY = YES;
				CLANG_WARN_ENUM_CONVERSION = YES;
				CLANG_WARN_INT_CONVERSION = YES;
				CLANG_WARN_UNREACHABLE_CODE = YES;
				CLANG_WARN__DUPLICATE_METHOD_MATCH = YES;
				COPY_PHASE_STRIP = YES;
				DEFINES_MODULE = YES;
				ENABLE_STRICT_OBJC_MSGSEND = YES;
				ENABLE_TESTABILITY = YES;
				"FRAMEWORK_SEARCH_PATHS[arch=*]" = "$(inherited)";
				GCC_C_LANGUAGE_STANDARD = gnu99;
				GCC_GENERATE_TEST_COVERAGE_FILES = YES;
				GCC_INSTRUMENT_PROGRAM_FLOW_ARCS = YES;
				GCC_WARN_64_TO_32_BIT_CONVERSION = YES;
				GCC_WARN_ABOUT_MISSING_PROTOTYPES = YES;
				GCC_WARN_ABOUT_RETURN_TYPE = YES;
				GCC_WARN_UNDECLARED_SELECTOR = YES;
				GCC_WARN_UNINITIALIZED_AUTOS = YES;
				GCC_WARN_UNUSED_FUNCTION = YES;
				GCC_WARN_UNUSED_VARIABLE = YES;
				GENERATE_PROFILING_CODE = NO;
				IPHONEOS_DEPLOYMENT_TARGET = 9.0;
				MODULEMAP_FILE = "fh-ios-sdk/FH.modulemap";
				SDKROOT = iphoneos;
				TARGETED_DEVICE_FAMILY = "1,2";
				VALIDATE_PRODUCT = YES;
			};
			name = Release;
		};
		B3D7C4A815D28BE30019262E /* Debug */ = {
			isa = XCBuildConfiguration;
			baseConfigurationReference = 2ED4605563E5C93BF10F2337 /* Pods-FH.debug.xcconfig */;
			buildSettings = {
				CODE_SIGN_IDENTITY = "iPhone Developer";
				DEAD_CODE_STRIPPING = NO;
				DSTROOT = /tmp/FH.dst;
				ENABLE_BITCODE = YES;
				ENABLE_TESTABILITY = YES;
				GCC_GENERATE_TEST_COVERAGE_FILES = YES;
				GCC_INSTRUMENT_PROGRAM_FLOW_ARCS = YES;
				GCC_PRECOMPILE_PREFIX_HEADER = YES;
				GCC_PREFIX_HEADER = "fh-ios-sdk/fh-ios-sdk-Prefix.pch";
				HEADER_SEARCH_PATHS = (
					"$(inherited)",
					"${SDKROOT}/usr/include/libxml2",
				);
				LIBRARY_SEARCH_PATHS = (
					"$(inherited)",
					"\"$(SDKROOT)/usr/lib/system\"",
				);
				OTHER_LDFLAGS = "$(inherited)";
				PRODUCT_NAME = FeedHenry;
				PUBLIC_HEADERS_FOLDER_PATH = "$(PROJECT_NAME)Headers";
				SKIP_INSTALL = YES;
				STRIP_STYLE = "non-global";
			};
			name = Debug;
		};
		B3D7C4A915D28BE30019262E /* Release */ = {
			isa = XCBuildConfiguration;
			baseConfigurationReference = 3FD8E9D15293A576E24527AF /* Pods-FH.release.xcconfig */;
			buildSettings = {
				CODE_SIGN_IDENTITY = "iPhone Developer";
				COPY_PHASE_STRIP = NO;
				DEAD_CODE_STRIPPING = NO;
				DSTROOT = /tmp/FH.dst;
				ENABLE_BITCODE = YES;
				ENABLE_TESTABILITY = YES;
				GCC_GENERATE_TEST_COVERAGE_FILES = YES;
				GCC_INSTRUMENT_PROGRAM_FLOW_ARCS = YES;
				GCC_PRECOMPILE_PREFIX_HEADER = YES;
				GCC_PREFIX_HEADER = "fh-ios-sdk/fh-ios-sdk-Prefix.pch";
				HEADER_SEARCH_PATHS = (
					"$(inherited)",
					"${SDKROOT}/usr/include/libxml2",
				);
				LIBRARY_SEARCH_PATHS = (
					"$(inherited)",
					"\"$(SDKROOT)/usr/lib/system\"",
				);
				OTHER_LDFLAGS = "$(inherited)";
				PRODUCT_NAME = FeedHenry;
				PUBLIC_HEADERS_FOLDER_PATH = "$(PROJECT_NAME)Headers";
				SKIP_INSTALL = YES;
				STRIP_STYLE = "non-global";
			};
			name = Release;
		};
		B3D7C4AB15D28BE30019262E /* Debug */ = {
			isa = XCBuildConfiguration;
			baseConfigurationReference = 684A29C64ECFF3450165B9BD /* Pods-FH-FHTests.debug.xcconfig */;
			buildSettings = {
				CODE_SIGN_IDENTITY = "iPhone Developer";
				DEVELOPMENT_TEAM = "";
				ENABLE_TESTABILITY = YES;
				FRAMEWORK_SEARCH_PATHS = "";
				GCC_GENERATE_TEST_COVERAGE_FILES = YES;
				GCC_INSTRUMENT_PROGRAM_FLOW_ARCS = YES;
				GCC_PRECOMPILE_PREFIX_HEADER = YES;
				GCC_PREFIX_HEADER = "fh-ios-sdk/fh-ios-sdk-Prefix.pch";
				INFOPLIST_FILE = "fh-ios-sdkTests/fh-ios-sdkTests-Info.plist";
				PRODUCT_BUNDLE_IDENTIFIER = "com.feedhenry.${PRODUCT_NAME:rfc1034identifier}";
				PRODUCT_NAME = "$(TARGET_NAME)";
			};
			name = Debug;
		};
		B3D7C4AC15D28BE30019262E /* Release */ = {
			isa = XCBuildConfiguration;
			baseConfigurationReference = 992F278D07A0A39EC9C17A33 /* Pods-FH-FHTests.release.xcconfig */;
			buildSettings = {
				CODE_SIGN_IDENTITY = "iPhone Developer";
				DEVELOPMENT_TEAM = "";
				ENABLE_TESTABILITY = YES;
				FRAMEWORK_SEARCH_PATHS = "";
				GCC_GENERATE_TEST_COVERAGE_FILES = YES;
				GCC_INSTRUMENT_PROGRAM_FLOW_ARCS = YES;
				GCC_PRECOMPILE_PREFIX_HEADER = YES;
				GCC_PREFIX_HEADER = "fh-ios-sdk/fh-ios-sdk-Prefix.pch";
				INFOPLIST_FILE = "fh-ios-sdkTests/fh-ios-sdkTests-Info.plist";
				PRODUCT_BUNDLE_IDENTIFIER = "com.feedhenry.${PRODUCT_NAME:rfc1034identifier}";
				PRODUCT_NAME = "$(TARGET_NAME)";
			};
			name = Release;
		};
/* End XCBuildConfiguration section */

/* Begin XCConfigurationList section */
		B3D7C47D15D28BE30019262E /* Build configuration list for PBXProject "fh-ios-sdk" */ = {
			isa = XCConfigurationList;
			buildConfigurations = (
				B3D7C4A515D28BE30019262E /* Debug */,
				B3D7C4A615D28BE30019262E /* Release */,
			);
			defaultConfigurationIsVisible = 0;
			defaultConfigurationName = Release;
		};
		B3D7C4A715D28BE30019262E /* Build configuration list for PBXNativeTarget "FH" */ = {
			isa = XCConfigurationList;
			buildConfigurations = (
				B3D7C4A815D28BE30019262E /* Debug */,
				B3D7C4A915D28BE30019262E /* Release */,
			);
			defaultConfigurationIsVisible = 0;
			defaultConfigurationName = Release;
		};
		B3D7C4AA15D28BE30019262E /* Build configuration list for PBXNativeTarget "FHTests" */ = {
			isa = XCConfigurationList;
			buildConfigurations = (
				B3D7C4AB15D28BE30019262E /* Debug */,
				B3D7C4AC15D28BE30019262E /* Release */,
			);
			defaultConfigurationIsVisible = 0;
			defaultConfigurationName = Release;
		};
/* End XCConfigurationList section */
	};
	rootObject = B3D7C47A15D28BE30019262E /* Project object */;
}
