PODS:
  - AeroGear-Push (1.1.1)
  - Nocilla (0.10.0)
  - Reachability (3.2)

DEPENDENCIES:
  - AeroGear-Push (= 1.1.1)
  - Nocilla (= 0.10.0)
  - Reachability (= 3.2)

SPEC CHECKSUMS:
  AeroGear-Push: 0d4dd12e6311f1231e2517a8597ca199bd1b8683
  Nocilla: ae0a2b05f3087b473624ac2b25903695df51246a
  Reachability: 33e18b67625424e47b6cde6d202dce689ad7af96

COCOAPODS: 0.39.0
