PODS:
  - AeroGear-Push (1.2.0)
  - Nocilla (0.10.0)
  - OCMock (3.2)
  - Reachability (3.2)

DEPENDENCIES:
  - AeroGear-Push (= 1.2.0)
  - Nocilla (= 0.10.0)
  - OCMock (= 3.2)
  - Reachability (= 3.2)

SPEC CHECKSUMS:
  AeroGear-Push: 02104f3ec9fc42dd328497ecfbcc8bb6ade0700f
  Nocilla: ae0a2b05f3087b473624ac2b25903695df51246a
  OCMock: 28def049ef47f996b515a8eeea958be7ccab2dbb
  Reachability: 33e18b67625424e47b6cde6d202dce689ad7af96

COCOAPODS: 0.39.0
