PODS:
  - AeroGear-Push (1.1.1)
  - Nocilla (0.10.0)
  - OCMock (3.2)
  - Reachability (3.2)

DEPENDENCIES:
  - AeroGear-Push (from `https://github.com/corinnekrych/aerogear-ios-push.git`, branch
    `AGIOS-485.ObjC.push.url.properties`)
  - Nocilla (= 0.10.0)
  - OCMock (= 3.2)
  - Reachability (= 3.2)

EXTERNAL SOURCES:
  AeroGear-Push:
    :branch: AGIOS-485.ObjC.push.url.properties
    :git: https://github.com/corinnekrych/aerogear-ios-push.git

CHECKOUT OPTIONS:
  AeroGear-Push:
    :commit: 81702e9d5c79a0c99906fa64617a3eadade8bdd6
    :git: https://github.com/corinnekrych/aerogear-ios-push.git

SPEC CHECKSUMS:
  AeroGear-Push: 0d4dd12e6311f1231e2517a8597ca199bd1b8683
  Nocilla: ae0a2b05f3087b473624ac2b25903695df51246a
  OCMock: 28def049ef47f996b515a8eeea958be7ccab2dbb
  Reachability: 33e18b67625424e47b6cde6d202dce689ad7af96

COCOAPODS: 0.39.0
