// !$*UTF8*$!
{
	archiveVersion = 1;
	classes = {
	};
	objectVersion = 46;
	objects = {

/* Begin PBXBuildFile section */
		B30003D1179D4AD0008195AB /* RootViewCotroller.m in Sources */ = {isa = PBXBuildFile; fileRef = B30003D0179D4AD0008195AB /* RootViewCotroller.m */; };
		B30003D9179D4D94008195AB /* shopping-basket.png in Resources */ = {isa = PBXBuildFile; fileRef = B30003D7179D4D94008195AB /* shopping-basket.png */; };
		B30003DA179D4D94008195AB /* shopping-basket@2x.png in Resources */ = {isa = PBXBuildFile; fileRef = B30003D8179D4D94008195AB /* shopping-basket@2x.png */; };
		B3000416179D5C68008195AB /* CoreData.framework in Frameworks */ = {isa = PBXBuildFile; fileRef = B3000415179D5C68008195AB /* CoreData.framework */; };
		B3171A721611BC2800DEC978 /* UIKit.framework in Frameworks */ = {isa = PBXBuildFile; fileRef = B3171A711611BC2800DEC978 /* UIKit.framework */; };
		B3171A741611BC2800DEC978 /* Foundation.framework in Frameworks */ = {isa = PBXBuildFile; fileRef = B3171A731611BC2800DEC978 /* Foundation.framework */; };
		B3171A761611BC2800DEC978 /* CoreGraphics.framework in Frameworks */ = {isa = PBXBuildFile; fileRef = B3171A751611BC2800DEC978 /* CoreGraphics.framework */; };
		B3171A7C1611BC2800DEC978 /* InfoPlist.strings in Resources */ = {isa = PBXBuildFile; fileRef = B3171A7A1611BC2800DEC978 /* InfoPlist.strings */; };
		B3171A7E1611BC2800DEC978 /* main.m in Sources */ = {isa = PBXBuildFile; fileRef = B3171A7D1611BC2800DEC978 /* main.m */; };
		B3171A821611BC2800DEC978 /* AppDelegate.m in Sources */ = {isa = PBXBuildFile; fileRef = B3171A811611BC2800DEC978 /* AppDelegate.m */; };
		B3171A841611BC2800DEC978 /* Default.png in Resources */ = {isa = PBXBuildFile; fileRef = B3171A831611BC2800DEC978 /* Default.png */; };
		B3171A861611BC2800DEC978 /* Default@2x.png in Resources */ = {isa = PBXBuildFile; fileRef = B3171A851611BC2800DEC978 /* Default@2x.png */; };
		B3171A881611BC2800DEC978 /* Default-568h@2x.png in Resources */ = {isa = PBXBuildFile; fileRef = B3171A871611BC2800DEC978 /* Default-568h@2x.png */; };
		B3171A8B1611BC2800DEC978 /* MainStoryboard_iPhone.storyboard in Resources */ = {isa = PBXBuildFile; fileRef = B3171A891611BC2800DEC978 /* MainStoryboard_iPhone.storyboard */; };
		B3171A8E1611BC2800DEC978 /* MainStoryboard_iPad.storyboard in Resources */ = {isa = PBXBuildFile; fileRef = B3171A8C1611BC2800DEC978 /* MainStoryboard_iPad.storyboard */; };
		B3171A911611BC2800DEC978 /* ViewController.m in Sources */ = {isa = PBXBuildFile; fileRef = B3171A901611BC2800DEC978 /* ViewController.m */; };
		B32FB9E0179D454400625FF7 /* ShoppingItem.xcdatamodeld in Sources */ = {isa = PBXBuildFile; fileRef = B32FB9DE179D454400625FF7 /* ShoppingItem.xcdatamodeld */; };
		B33C6C38179D947A00352119 /* DataManager.m in Sources */ = {isa = PBXBuildFile; fileRef = B33C6C37179D947A00352119 /* DataManager.m */; };
		B38BC2E0179D6CC20078EE9D /* ShoppingItem.m in Sources */ = {isa = PBXBuildFile; fileRef = B38BC2DF179D6CC20078EE9D /* ShoppingItem.m */; };
		B38BC2E6179D7EF10078EE9D /* DetailsViewController.m in Sources */ = {isa = PBXBuildFile; fileRef = B38BC2E5179D7EF10078EE9D /* DetailsViewController.m */; };
		B38D4EEC1611CF29008F0A47 /* CFNetwork.framework in Frameworks */ = {isa = PBXBuildFile; fileRef = B38D4EEB1611CF29008F0A47 /* CFNetwork.framework */; };
		B38D4EEE1611CF31008F0A47 /* libxml2.2.dylib in Frameworks */ = {isa = PBXBuildFile; fileRef = B38D4EED1611CF31008F0A47 /* libxml2.2.dylib */; };
		B38D4EF01611CF64008F0A47 /* SystemConfiguration.framework in Frameworks */ = {isa = PBXBuildFile; fileRef = B38D4EEF1611CF64008F0A47 /* SystemConfiguration.framework */; };
		B3A5D26D1611CFB6004E3973 /* MobileCoreServices.framework in Frameworks */ = {isa = PBXBuildFile; fileRef = B3A5D26C1611CFB6004E3973 /* MobileCoreServices.framework */; };
		B3A5D26F1611CFBC004E3973 /* CoreFoundation.framework in Frameworks */ = {isa = PBXBuildFile; fileRef = B3A5D26E1611CFBC004E3973 /* CoreFoundation.framework */; };
		B3A5D2731611D51E004E3973 /* fhconfig.plist in Resources */ = {isa = PBXBuildFile; fileRef = B3A5D2721611D51E004E3973 /* fhconfig.plist */; };
		B3A5D2751611DA41004E3973 /* libFH.a in Frameworks */ = {isa = PBXBuildFile; fileRef = B3A5D2681611CF9A004E3973 /* libFH.a */; };
		B3A5D2771611DA6F004E3973 /* libz.dylib in Frameworks */ = {isa = PBXBuildFile; fileRef = B3A5D2761611DA6F004E3973 /* libz.dylib */; };
		B3BE542F17A2C83B00C9D59E /* AdSupport.framework in Frameworks */ = {isa = PBXBuildFile; fileRef = B3BE542E17A2C83B00C9D59E /* AdSupport.framework */; };
/* End PBXBuildFile section */

/* Begin PBXContainerItemProxy section */
		B3A5D2671611CF9A004E3973 /* PBXContainerItemProxy */ = {
			isa = PBXContainerItemProxy;
			containerPortal = B38D4ED71611C29C008F0A47 /* FH.xcodeproj */;
			proxyType = 2;
			remoteGlobalIDString = B3D7C48315D28BE30019262E;
			remoteInfo = FH;
		};
		B3A5D2691611CF9A004E3973 /* PBXContainerItemProxy */ = {
			isa = PBXContainerItemProxy;
			containerPortal = B38D4ED71611C29C008F0A47 /* FH.xcodeproj */;
			proxyType = 2;
			remoteGlobalIDString = B3D7C49315D28BE30019262E;
			remoteInfo = FHTests;
		};
		B3A5D2701611D44B004E3973 /* PBXContainerItemProxy */ = {
			isa = PBXContainerItemProxy;
			containerPortal = B38D4ED71611C29C008F0A47 /* FH.xcodeproj */;
			proxyType = 1;
			remoteGlobalIDString = B3D7C48215D28BE30019262E;
			remoteInfo = FH;
		};
/* End PBXContainerItemProxy section */

/* Begin PBXFileReference section */
		B30003CF179D4AD0008195AB /* RootViewCotroller.h */ = {isa = PBXFileReference; fileEncoding = 4; lastKnownFileType = sourcecode.c.h; path = RootViewCotroller.h; sourceTree = "<group>"; };
		B30003D0179D4AD0008195AB /* RootViewCotroller.m */ = {isa = PBXFileReference; fileEncoding = 4; lastKnownFileType = sourcecode.c.objc; path = RootViewCotroller.m; sourceTree = "<group>"; };
		B30003D7179D4D94008195AB /* shopping-basket.png */ = {isa = PBXFileReference; lastKnownFileType = image.png; name = "shopping-basket.png"; path = "images/shopping-basket.png"; sourceTree = "<group>"; };
		B30003D8179D4D94008195AB /* shopping-basket@2x.png */ = {isa = PBXFileReference; lastKnownFileType = image.png; name = "shopping-basket@2x.png"; path = "images/shopping-basket@2x.png"; sourceTree = "<group>"; };
		B3000415179D5C68008195AB /* CoreData.framework */ = {isa = PBXFileReference; lastKnownFileType = wrapper.framework; name = CoreData.framework; path = System/Library/Frameworks/CoreData.framework; sourceTree = SDKROOT; };
		B3171A6D1611BC2800DEC978 /* FHSyncTestApp.app */ = {isa = PBXFileReference; explicitFileType = wrapper.application; includeInIndex = 0; path = FHSyncTestApp.app; sourceTree = BUILT_PRODUCTS_DIR; };
		B3171A711611BC2800DEC978 /* UIKit.framework */ = {isa = PBXFileReference; lastKnownFileType = wrapper.framework; name = UIKit.framework; path = System/Library/Frameworks/UIKit.framework; sourceTree = SDKROOT; };
		B3171A731611BC2800DEC978 /* Foundation.framework */ = {isa = PBXFileReference; lastKnownFileType = wrapper.framework; name = Foundation.framework; path = System/Library/Frameworks/Foundation.framework; sourceTree = SDKROOT; };
		B3171A751611BC2800DEC978 /* CoreGraphics.framework */ = {isa = PBXFileReference; lastKnownFileType = wrapper.framework; name = CoreGraphics.framework; path = System/Library/Frameworks/CoreGraphics.framework; sourceTree = SDKROOT; };
		B3171A791611BC2800DEC978 /* FHSyncTestApp-Info.plist */ = {isa = PBXFileReference; lastKnownFileType = text.plist.xml; path = "FHSyncTestApp-Info.plist"; sourceTree = "<group>"; };
		B3171A7B1611BC2800DEC978 /* en */ = {isa = PBXFileReference; lastKnownFileType = text.plist.strings; name = en; path = en.lproj/InfoPlist.strings; sourceTree = "<group>"; };
		B3171A7D1611BC2800DEC978 /* main.m */ = {isa = PBXFileReference; lastKnownFileType = sourcecode.c.objc; path = main.m; sourceTree = "<group>"; };
		B3171A7F1611BC2800DEC978 /* FHSyncTestApp-Prefix.pch */ = {isa = PBXFileReference; lastKnownFileType = sourcecode.c.h; path = "FHSyncTestApp-Prefix.pch"; sourceTree = "<group>"; };
		B3171A801611BC2800DEC978 /* AppDelegate.h */ = {isa = PBXFileReference; lastKnownFileType = sourcecode.c.h; path = AppDelegate.h; sourceTree = "<group>"; };
		B3171A811611BC2800DEC978 /* AppDelegate.m */ = {isa = PBXFileReference; lastKnownFileType = sourcecode.c.objc; path = AppDelegate.m; sourceTree = "<group>"; };
		B3171A831611BC2800DEC978 /* Default.png */ = {isa = PBXFileReference; lastKnownFileType = image.png; path = Default.png; sourceTree = "<group>"; };
		B3171A851611BC2800DEC978 /* Default@2x.png */ = {isa = PBXFileReference; lastKnownFileType = image.png; path = "Default@2x.png"; sourceTree = "<group>"; };
		B3171A871611BC2800DEC978 /* Default-568h@2x.png */ = {isa = PBXFileReference; lastKnownFileType = image.png; path = "Default-568h@2x.png"; sourceTree = "<group>"; };
		B3171A8A1611BC2800DEC978 /* en */ = {isa = PBXFileReference; lastKnownFileType = file.storyboard; name = en; path = en.lproj/MainStoryboard_iPhone.storyboard; sourceTree = "<group>"; };
		B3171A8D1611BC2800DEC978 /* en */ = {isa = PBXFileReference; lastKnownFileType = file.storyboard; name = en; path = en.lproj/MainStoryboard_iPad.storyboard; sourceTree = "<group>"; };
		B3171A8F1611BC2800DEC978 /* ViewController.h */ = {isa = PBXFileReference; lastKnownFileType = sourcecode.c.h; path = ViewController.h; sourceTree = "<group>"; };
		B3171A901611BC2800DEC978 /* ViewController.m */ = {isa = PBXFileReference; lastKnownFileType = sourcecode.c.objc; path = ViewController.m; sourceTree = "<group>"; };
		B32FB9DF179D454400625FF7 /* ShoppingItem.xcdatamodel */ = {isa = PBXFileReference; lastKnownFileType = wrapper.xcdatamodel; path = ShoppingItem.xcdatamodel; sourceTree = "<group>"; };
		B33C6C36179D947A00352119 /* DataManager.h */ = {isa = PBXFileReference; fileEncoding = 4; lastKnownFileType = sourcecode.c.h; path = DataManager.h; sourceTree = "<group>"; };
		B33C6C37179D947A00352119 /* DataManager.m */ = {isa = PBXFileReference; fileEncoding = 4; lastKnownFileType = sourcecode.c.objc; path = DataManager.m; sourceTree = "<group>"; };
		B38BC2DE179D6CC20078EE9D /* ShoppingItem.h */ = {isa = PBXFileReference; fileEncoding = 4; lastKnownFileType = sourcecode.c.h; path = ShoppingItem.h; sourceTree = "<group>"; };
		B38BC2DF179D6CC20078EE9D /* ShoppingItem.m */ = {isa = PBXFileReference; fileEncoding = 4; lastKnownFileType = sourcecode.c.objc; path = ShoppingItem.m; sourceTree = "<group>"; };
		B38BC2E4179D7EF10078EE9D /* DetailsViewController.h */ = {isa = PBXFileReference; fileEncoding = 4; lastKnownFileType = sourcecode.c.h; path = DetailsViewController.h; sourceTree = "<group>"; };
		B38BC2E5179D7EF10078EE9D /* DetailsViewController.m */ = {isa = PBXFileReference; fileEncoding = 4; lastKnownFileType = sourcecode.c.objc; path = DetailsViewController.m; sourceTree = "<group>"; };
		B38D4ED71611C29C008F0A47 /* FH.xcodeproj */ = {isa = PBXFileReference; lastKnownFileType = "wrapper.pb-project"; name = FH.xcodeproj; path = ../../FH/FH.xcodeproj; sourceTree = "<group>"; };
		B38D4EEB1611CF29008F0A47 /* CFNetwork.framework */ = {isa = PBXFileReference; lastKnownFileType = wrapper.framework; name = CFNetwork.framework; path = System/Library/Frameworks/CFNetwork.framework; sourceTree = SDKROOT; };
		B38D4EED1611CF31008F0A47 /* libxml2.2.dylib */ = {isa = PBXFileReference; lastKnownFileType = "compiled.mach-o.dylib"; name = libxml2.2.dylib; path = usr/lib/libxml2.2.dylib; sourceTree = SDKROOT; };
		B38D4EEF1611CF64008F0A47 /* SystemConfiguration.framework */ = {isa = PBXFileReference; lastKnownFileType = wrapper.framework; name = SystemConfiguration.framework; path = System/Library/Frameworks/SystemConfiguration.framework; sourceTree = SDKROOT; };
		B3A5D26C1611CFB6004E3973 /* MobileCoreServices.framework */ = {isa = PBXFileReference; lastKnownFileType = wrapper.framework; name = MobileCoreServices.framework; path = System/Library/Frameworks/MobileCoreServices.framework; sourceTree = SDKROOT; };
		B3A5D26E1611CFBC004E3973 /* CoreFoundation.framework */ = {isa = PBXFileReference; lastKnownFileType = wrapper.framework; name = CoreFoundation.framework; path = System/Library/Frameworks/CoreFoundation.framework; sourceTree = SDKROOT; };
		B3A5D2721611D51E004E3973 /* fhconfig.plist */ = {isa = PBXFileReference; fileEncoding = 4; lastKnownFileType = text.plist.xml; path = fhconfig.plist; sourceTree = "<group>"; };
		B3A5D2761611DA6F004E3973 /* libz.dylib */ = {isa = PBXFileReference; lastKnownFileType = "compiled.mach-o.dylib"; name = libz.dylib; path = usr/lib/libz.dylib; sourceTree = SDKROOT; };
		B3BE542E17A2C83B00C9D59E /* AdSupport.framework */ = {isa = PBXFileReference; lastKnownFileType = wrapper.framework; name = AdSupport.framework; path = System/Library/Frameworks/AdSupport.framework; sourceTree = SDKROOT; };
/* End PBXFileReference section */

/* Begin PBXFrameworksBuildPhase section */
		B3171A6A1611BC2800DEC978 /* Frameworks */ = {
			isa = PBXFrameworksBuildPhase;
			buildActionMask = 2147483647;
			files = (
				B3BE542F17A2C83B00C9D59E /* AdSupport.framework in Frameworks */,
				B3000416179D5C68008195AB /* CoreData.framework in Frameworks */,
				B3A5D2771611DA6F004E3973 /* libz.dylib in Frameworks */,
				B3A5D2751611DA41004E3973 /* libFH.a in Frameworks */,
				B3A5D26F1611CFBC004E3973 /* CoreFoundation.framework in Frameworks */,
				B3A5D26D1611CFB6004E3973 /* MobileCoreServices.framework in Frameworks */,
				B38D4EF01611CF64008F0A47 /* SystemConfiguration.framework in Frameworks */,
				B38D4EEE1611CF31008F0A47 /* libxml2.2.dylib in Frameworks */,
				B38D4EEC1611CF29008F0A47 /* CFNetwork.framework in Frameworks */,
				B3171A721611BC2800DEC978 /* UIKit.framework in Frameworks */,
				B3171A741611BC2800DEC978 /* Foundation.framework in Frameworks */,
				B3171A761611BC2800DEC978 /* CoreGraphics.framework in Frameworks */,
			);
			runOnlyForDeploymentPostprocessing = 0;
		};
/* End PBXFrameworksBuildPhase section */

/* Begin PBXGroup section */
		B3171A621611BC2700DEC978 = {
			isa = PBXGroup;
			children = (
				B38D4ED71611C29C008F0A47 /* FH.xcodeproj */,
				B3171A771611BC2800DEC978 /* FHSyncTestApp */,
				B3171A701611BC2800DEC978 /* Frameworks */,
				B3171A6E1611BC2800DEC978 /* Products */,
			);
			sourceTree = "<group>";
		};
		B3171A6E1611BC2800DEC978 /* Products */ = {
			isa = PBXGroup;
			children = (
				B3171A6D1611BC2800DEC978 /* FHSyncTestApp.app */,
			);
			name = Products;
			sourceTree = "<group>";
		};
		B3171A701611BC2800DEC978 /* Frameworks */ = {
			isa = PBXGroup;
			children = (
				B3BE542E17A2C83B00C9D59E /* AdSupport.framework */,
				B3000415179D5C68008195AB /* CoreData.framework */,
				B3A5D2761611DA6F004E3973 /* libz.dylib */,
				B3A5D26E1611CFBC004E3973 /* CoreFoundation.framework */,
				B3A5D26C1611CFB6004E3973 /* MobileCoreServices.framework */,
				B38D4EEF1611CF64008F0A47 /* SystemConfiguration.framework */,
				B38D4EED1611CF31008F0A47 /* libxml2.2.dylib */,
				B38D4EEB1611CF29008F0A47 /* CFNetwork.framework */,
				B3171A711611BC2800DEC978 /* UIKit.framework */,
				B3171A731611BC2800DEC978 /* Foundation.framework */,
				B3171A751611BC2800DEC978 /* CoreGraphics.framework */,
			);
			name = Frameworks;
			sourceTree = "<group>";
		};
		B3171A771611BC2800DEC978 /* FHSyncTestApp */ = {
			isa = PBXGroup;
			children = (
				B30003D7179D4D94008195AB /* shopping-basket.png */,
				B30003D8179D4D94008195AB /* shopping-basket@2x.png */,
				B3171A801611BC2800DEC978 /* AppDelegate.h */,
				B3171A811611BC2800DEC978 /* AppDelegate.m */,
				B3171A891611BC2800DEC978 /* MainStoryboard_iPhone.storyboard */,
				B3171A8C1611BC2800DEC978 /* MainStoryboard_iPad.storyboard */,
				B3171A8F1611BC2800DEC978 /* ViewController.h */,
				B3171A901611BC2800DEC978 /* ViewController.m */,
				B3171A781611BC2800DEC978 /* Supporting Files */,
				B32FB9DE179D454400625FF7 /* ShoppingItem.xcdatamodeld */,
				B38BC2DE179D6CC20078EE9D /* ShoppingItem.h */,
				B38BC2DF179D6CC20078EE9D /* ShoppingItem.m */,
				B30003CF179D4AD0008195AB /* RootViewCotroller.h */,
				B30003D0179D4AD0008195AB /* RootViewCotroller.m */,
				B38BC2E4179D7EF10078EE9D /* DetailsViewController.h */,
				B38BC2E5179D7EF10078EE9D /* DetailsViewController.m */,
				B33C6C36179D947A00352119 /* DataManager.h */,
				B33C6C37179D947A00352119 /* DataManager.m */,
			);
			path = FHSyncTestApp;
			sourceTree = "<group>";
		};
		B3171A781611BC2800DEC978 /* Supporting Files */ = {
			isa = PBXGroup;
			children = (
				B3171A791611BC2800DEC978 /* FHSyncTestApp-Info.plist */,
				B3171A7A1611BC2800DEC978 /* InfoPlist.strings */,
				B3171A7D1611BC2800DEC978 /* main.m */,
				B3171A7F1611BC2800DEC978 /* FHSyncTestApp-Prefix.pch */,
				B3171A831611BC2800DEC978 /* Default.png */,
				B3171A851611BC2800DEC978 /* Default@2x.png */,
				B3171A871611BC2800DEC978 /* Default-568h@2x.png */,
				B3A5D2721611D51E004E3973 /* fhconfig.plist */,
			);
			name = "Supporting Files";
			sourceTree = "<group>";
		};
		B3A5D2611611CF9A004E3973 /* Products */ = {
			isa = PBXGroup;
			children = (
				B3A5D2681611CF9A004E3973 /* libFH.a */,
				B3A5D26A1611CF9A004E3973 /* FHTests.octest */,
			);
			name = Products;
			sourceTree = "<group>";
		};
/* End PBXGroup section */

/* Begin PBXNativeTarget section */
		B3171A6C1611BC2800DEC978 /* FHSyncTestApp */ = {
			isa = PBXNativeTarget;
			buildConfigurationList = B3171A941611BC2800DEC978 /* Build configuration list for PBXNativeTarget "FHSyncTestApp" */;
			buildPhases = (
				B3171A691611BC2800DEC978 /* Sources */,
				B3171A6A1611BC2800DEC978 /* Frameworks */,
				B3171A6B1611BC2800DEC978 /* Resources */,
			);
			buildRules = (
			);
			dependencies = (
				B3A5D2711611D44B004E3973 /* PBXTargetDependency */,
			);
			name = FHSyncTestApp;
			productName = FHSyncTestApp;
			productReference = B3171A6D1611BC2800DEC978 /* FHSyncTestApp.app */;
			productType = "com.apple.product-type.application";
		};
/* End PBXNativeTarget section */

/* Begin PBXProject section */
		B3171A641611BC2800DEC978 /* Project object */ = {
			isa = PBXProject;
			attributes = {
				LastUpgradeCheck = 0450;
				ORGANIZATIONNAME = "Wei Li";
			};
			buildConfigurationList = B3171A671611BC2800DEC978 /* Build configuration list for PBXProject "FHSyncTestApp" */;
			compatibilityVersion = "Xcode 3.2";
			developmentRegion = English;
			hasScannedForEncodings = 0;
			knownRegions = (
				en,
			);
			mainGroup = B3171A621611BC2700DEC978;
			productRefGroup = B3171A6E1611BC2800DEC978 /* Products */;
			projectDirPath = "";
			projectReferences = (
				{
					ProductGroup = B3A5D2611611CF9A004E3973 /* Products */;
					ProjectRef = B38D4ED71611C29C008F0A47 /* FH.xcodeproj */;
				},
			);
			projectRoot = "";
			targets = (
				B3171A6C1611BC2800DEC978 /* FHSyncTestApp */,
			);
		};
/* End PBXProject section */

/* Begin PBXReferenceProxy section */
		B3A5D2681611CF9A004E3973 /* libFH.a */ = {
			isa = PBXReferenceProxy;
			fileType = archive.ar;
			path = libFH.a;
			remoteRef = B3A5D2671611CF9A004E3973 /* PBXContainerItemProxy */;
			sourceTree = BUILT_PRODUCTS_DIR;
		};
		B3A5D26A1611CF9A004E3973 /* FHTests.octest */ = {
			isa = PBXReferenceProxy;
			fileType = wrapper.cfbundle;
			path = FHTests.octest;
			remoteRef = B3A5D2691611CF9A004E3973 /* PBXContainerItemProxy */;
			sourceTree = BUILT_PRODUCTS_DIR;
		};
/* End PBXReferenceProxy section */

/* Begin PBXResourcesBuildPhase section */
		B3171A6B1611BC2800DEC978 /* Resources */ = {
			isa = PBXResourcesBuildPhase;
			buildActionMask = 2147483647;
			files = (
				B3171A7C1611BC2800DEC978 /* InfoPlist.strings in Resources */,
				B3171A841611BC2800DEC978 /* Default.png in Resources */,
				B3171A861611BC2800DEC978 /* Default@2x.png in Resources */,
				B3171A881611BC2800DEC978 /* Default-568h@2x.png in Resources */,
				B3171A8B1611BC2800DEC978 /* MainStoryboard_iPhone.storyboard in Resources */,
				B3171A8E1611BC2800DEC978 /* MainStoryboard_iPad.storyboard in Resources */,
				B3A5D2731611D51E004E3973 /* fhconfig.plist in Resources */,
				B30003D9179D4D94008195AB /* shopping-basket.png in Resources */,
				B30003DA179D4D94008195AB /* shopping-basket@2x.png in Resources */,
			);
			runOnlyForDeploymentPostprocessing = 0;
		};
/* End PBXResourcesBuildPhase section */

/* Begin PBXSourcesBuildPhase section */
		B3171A691611BC2800DEC978 /* Sources */ = {
			isa = PBXSourcesBuildPhase;
			buildActionMask = 2147483647;
			files = (
				B3171A7E1611BC2800DEC978 /* main.m in Sources */,
				B3171A821611BC2800DEC978 /* AppDelegate.m in Sources */,
				B3171A911611BC2800DEC978 /* ViewController.m in Sources */,
				B32FB9E0179D454400625FF7 /* ShoppingItem.xcdatamodeld in Sources */,
				B30003D1179D4AD0008195AB /* RootViewCotroller.m in Sources */,
				B38BC2E0179D6CC20078EE9D /* ShoppingItem.m in Sources */,
				B38BC2E6179D7EF10078EE9D /* DetailsViewController.m in Sources */,
				B33C6C38179D947A00352119 /* DataManager.m in Sources */,
			);
			runOnlyForDeploymentPostprocessing = 0;
		};
/* End PBXSourcesBuildPhase section */

/* Begin PBXTargetDependency section */
		B3A5D2711611D44B004E3973 /* PBXTargetDependency */ = {
			isa = PBXTargetDependency;
			name = FH;
			targetProxy = B3A5D2701611D44B004E3973 /* PBXContainerItemProxy */;
		};
/* End PBXTargetDependency section */

/* Begin PBXVariantGroup section */
		B3171A7A1611BC2800DEC978 /* InfoPlist.strings */ = {
			isa = PBXVariantGroup;
			children = (
				B3171A7B1611BC2800DEC978 /* en */,
			);
			name = InfoPlist.strings;
			sourceTree = "<group>";
		};
		B3171A891611BC2800DEC978 /* MainStoryboard_iPhone.storyboard */ = {
			isa = PBXVariantGroup;
			children = (
				B3171A8A1611BC2800DEC978 /* en */,
			);
			name = MainStoryboard_iPhone.storyboard;
			sourceTree = "<group>";
		};
		B3171A8C1611BC2800DEC978 /* MainStoryboard_iPad.storyboard */ = {
			isa = PBXVariantGroup;
			children = (
				B3171A8D1611BC2800DEC978 /* en */,
			);
			name = MainStoryboard_iPad.storyboard;
			sourceTree = "<group>";
		};
/* End PBXVariantGroup section */

/* Begin XCBuildConfiguration section */
		B3171A921611BC2800DEC978 /* Debug */ = {
			isa = XCBuildConfiguration;
			buildSettings = {
				ALWAYS_SEARCH_USER_PATHS = NO;
				CLANG_CXX_LANGUAGE_STANDARD = "gnu++0x";
				CLANG_CXX_LIBRARY = "libc++";
				CLANG_WARN_EMPTY_BODY = YES;
				CLANG_WARN__DUPLICATE_METHOD_MATCH = YES;
				CODE_SIGN_IDENTITY = "iPhone Distribution: FeedHenry Ltd.";
				"CODE_SIGN_IDENTITY[sdk=iphoneos*]" = "iPhone Distribution: FeedHenry Ltd.";
				COPY_PHASE_STRIP = NO;
				GCC_C_LANGUAGE_STANDARD = gnu99;
				GCC_DYNAMIC_NO_PIC = NO;
				GCC_OPTIMIZATION_LEVEL = 0;
				GCC_PREPROCESSOR_DEFINITIONS = (
					"DEBUG=1",
					"$(inherited)",
				);
				GCC_SYMBOLS_PRIVATE_EXTERN = NO;
				GCC_WARN_ABOUT_RETURN_TYPE = YES;
				GCC_WARN_UNINITIALIZED_AUTOS = YES;
				GCC_WARN_UNUSED_VARIABLE = YES;
				IPHONEOS_DEPLOYMENT_TARGET = 5.0;
				PROVISIONING_PROFILE = "27C169DA-70C6-4A93-BAFE-E7DBF5B0111E";
				"PROVISIONING_PROFILE[sdk=iphoneos*]" = "27C169DA-70C6-4A93-BAFE-E7DBF5B0111E";
				SDKROOT = iphoneos;
				TARGETED_DEVICE_FAMILY = "1,2";
				VALID_ARCHS = "armv7 armv6";
			};
			name = Debug;
		};
		B3171A931611BC2800DEC978 /* Release */ = {
			isa = XCBuildConfiguration;
			buildSettings = {
				ALWAYS_SEARCH_USER_PATHS = NO;
				CLANG_CXX_LANGUAGE_STANDARD = "gnu++0x";
				CLANG_CXX_LIBRARY = "libc++";
				CLANG_WARN_EMPTY_BODY = YES;
				CLANG_WARN__DUPLICATE_METHOD_MATCH = YES;
				CODE_SIGN_IDENTITY = "iPhone Distribution: FeedHenry Ltd.";
				"CODE_SIGN_IDENTITY[sdk=iphoneos*]" = "iPhone Distribution: FeedHenry Ltd.";
				COPY_PHASE_STRIP = YES;
				GCC_C_LANGUAGE_STANDARD = gnu99;
				GCC_WARN_ABOUT_RETURN_TYPE = YES;
				GCC_WARN_UNINITIALIZED_AUTOS = YES;
				GCC_WARN_UNUSED_VARIABLE = YES;
				IPHONEOS_DEPLOYMENT_TARGET = 5.0;
				OTHER_CFLAGS = "-DNS_BLOCK_ASSERTIONS=1";
				PROVISIONING_PROFILE = "27C169DA-70C6-4A93-BAFE-E7DBF5B0111E";
				"PROVISIONING_PROFILE[sdk=iphoneos*]" = "27C169DA-70C6-4A93-BAFE-E7DBF5B0111E";
				SDKROOT = iphoneos;
				TARGETED_DEVICE_FAMILY = "1,2";
				VALIDATE_PRODUCT = YES;
				VALID_ARCHS = "armv7 armv6";
			};
			name = Release;
		};
		B3171A951611BC2800DEC978 /* Debug */ = {
			isa = XCBuildConfiguration;
			buildSettings = {
				CLANG_ENABLE_OBJC_ARC = YES;
				GCC_PRECOMPILE_PREFIX_HEADER = YES;
				GCC_PREFIX_HEADER = "FHSyncTestApp/FHSyncTestApp-Prefix.pch";
				HEADER_SEARCH_PATHS = "\"$(SRCROOT)/../../FH/\"/**";
				INFOPLIST_FILE = "FHSyncTestApp/FHSyncTestApp-Info.plist";
				IPHONEOS_DEPLOYMENT_TARGET = 5.0;
				LIBRARY_SEARCH_PATHS = (
					"$(inherited)",
					"\"$(SRCROOT)/../../FH/build/\"/**",
				);
				OTHER_LDFLAGS = "-ObjC";
				PRODUCT_NAME = "$(TARGET_NAME)";
				VALID_ARCHS = "armv7 armv6";
				WRAPPER_EXTENSION = app;
			};
			name = Debug;
		};
		B3171A961611BC2800DEC978 /* Release */ = {
			isa = XCBuildConfiguration;
			buildSettings = {
				CLANG_ENABLE_OBJC_ARC = YES;
				GCC_PRECOMPILE_PREFIX_HEADER = YES;
				GCC_PREFIX_HEADER = "FHSyncTestApp/FHSyncTestApp-Prefix.pch";
				HEADER_SEARCH_PATHS = "\"$(SRCROOT)/../../FH/\"/**";
				INFOPLIST_FILE = "FHSyncTestApp/FHSyncTestApp-Info.plist";
				IPHONEOS_DEPLOYMENT_TARGET = 5.0;
				LIBRARY_SEARCH_PATHS = (
					"$(inherited)",
					"\"$(SRCROOT)/../../FH/build/\"/**",
				);
				OTHER_LDFLAGS = "-ObjC";
				PRODUCT_NAME = "$(TARGET_NAME)";
				VALID_ARCHS = "armv7 armv6";
				WRAPPER_EXTENSION = app;
			};
			name = Release;
		};
/* End XCBuildConfiguration section */

/* Begin XCConfigurationList section */
		B3171A671611BC2800DEC978 /* Build configuration list for PBXProject "FHSyncTestApp" */ = {
			isa = XCConfigurationList;
			buildConfigurations = (
				B3171A921611BC2800DEC978 /* Debug */,
				B3171A931611BC2800DEC978 /* Release */,
			);
			defaultConfigurationIsVisible = 0;
			defaultConfigurationName = Release;
		};
		B3171A941611BC2800DEC978 /* Build configuration list for PBXNativeTarget "FHSyncTestApp" */ = {
			isa = XCConfigurationList;
			buildConfigurations = (
				B3171A951611BC2800DEC978 /* Debug */,
				B3171A961611BC2800DEC978 /* Release */,
			);
			defaultConfigurationIsVisible = 0;
			defaultConfigurationName = Release;
		};
/* End XCConfigurationList section */

/* Begin XCVersionGroup section */
		B32FB9DE179D454400625FF7 /* ShoppingItem.xcdatamodeld */ = {
			isa = XCVersionGroup;
			children = (
				B32FB9DF179D454400625FF7 /* ShoppingItem.xcdatamodel */,
			);
			currentVersion = B32FB9DF179D454400625FF7 /* ShoppingItem.xcdatamodel */;
			path = ShoppingItem.xcdatamodeld;
			sourceTree = "<group>";
			versionGroupType = wrapper.xcdatamodel;
		};
/* End XCVersionGroup section */
	};
	rootObject = B3171A641611BC2800DEC978 /* Project object */;
}
