// !$*UTF8*$!
{
	archiveVersion = 1;
	classes = {
	};
	objectVersion = 46;
	objects = {

/* Begin PBXBuildFile section */
		B339FAD615DA88920040E5FF /* UIKit.framework in Frameworks */ = {isa = PBXBuildFile; fileRef = B339FAD515DA88920040E5FF /* UIKit.framework */; };
		B339FAD815DA88920040E5FF /* Foundation.framework in Frameworks */ = {isa = PBXBuildFile; fileRef = B339FAD715DA88920040E5FF /* Foundation.framework */; };
		B339FADA15DA88920040E5FF /* CoreGraphics.framework in Frameworks */ = {isa = PBXBuildFile; fileRef = B339FAD915DA88920040E5FF /* CoreGraphics.framework */; };
		B339FAE015DA88920040E5FF /* InfoPlist.strings in Resources */ = {isa = PBXBuildFile; fileRef = B339FADE15DA88920040E5FF /* InfoPlist.strings */; };
		B339FAE215DA88920040E5FF /* main.m in Sources */ = {isa = PBXBuildFile; fileRef = B339FAE115DA88920040E5FF /* main.m */; };
		B339FAE615DA88920040E5FF /* AppDelegate.m in Sources */ = {isa = PBXBuildFile; fileRef = B339FAE515DA88920040E5FF /* AppDelegate.m */; };
		B339FAED15DA88D40040E5FF /* FH.framework in Frameworks */ = {isa = PBXBuildFile; fileRef = B339FAEC15DA88D40040E5FF /* FH.framework */; };
		B339FAEF15DA88E50040E5FF /* MobileCoreServices.framework in Frameworks */ = {isa = PBXBuildFile; fileRef = B339FAEE15DA88E50040E5FF /* MobileCoreServices.framework */; };
		B339FAF115DA88F10040E5FF /* CFNetwork.framework in Frameworks */ = {isa = PBXBuildFile; fileRef = B339FAF015DA88F10040E5FF /* CFNetwork.framework */; };
		B339FAFE15DA89210040E5FF /* SystemConfiguration.framework in Frameworks */ = {isa = PBXBuildFile; fileRef = B339FAFD15DA89210040E5FF /* SystemConfiguration.framework */; };
		B339FB0015DA892A0040E5FF /* libz.dylib in Frameworks */ = {isa = PBXBuildFile; fileRef = B339FAFF15DA892A0040E5FF /* libz.dylib */; };
		B339FB0415DA89410040E5FF /* libxml2.dylib in Frameworks */ = {isa = PBXBuildFile; fileRef = B339FB0315DA89410040E5FF /* libxml2.dylib */; };
		B339FB0A15DA8A330040E5FF /* fhconfig.plist in Resources */ = {isa = PBXBuildFile; fileRef = B339FB0915DA8A330040E5FF /* fhconfig.plist */; };
		B339FB0E15DA8BDB0040E5FF /* FHStarterProjectViewController.m in Sources */ = {isa = PBXBuildFile; fileRef = B339FB0C15DA8BDB0040E5FF /* FHStarterProjectViewController.m */; };
		B339FB0F15DA8BDB0040E5FF /* FHStarterProjectViewController.xib in Resources */ = {isa = PBXBuildFile; fileRef = B339FB0D15DA8BDB0040E5FF /* FHStarterProjectViewController.xib */; };
		B3BE543417A2CDD300C9D59E /* AdSupport.framework in Frameworks */ = {isa = PBXBuildFile; fileRef = B3BE543317A2CDD300C9D59E /* AdSupport.framework */; };
/* End PBXBuildFile section */

/* Begin PBXFileReference section */
		B339FAD115DA88920040E5FF /* FHStarterProject.app */ = {isa = PBXFileReference; explicitFileType = wrapper.application; includeInIndex = 0; path = FHStarterProject.app; sourceTree = BUILT_PRODUCTS_DIR; };
		B339FAD515DA88920040E5FF /* UIKit.framework */ = {isa = PBXFileReference; lastKnownFileType = wrapper.framework; name = UIKit.framework; path = System/Library/Frameworks/UIKit.framework; sourceTree = SDKROOT; };
		B339FAD715DA88920040E5FF /* Foundation.framework */ = {isa = PBXFileReference; lastKnownFileType = wrapper.framework; name = Foundation.framework; path = System/Library/Frameworks/Foundation.framework; sourceTree = SDKROOT; };
		B339FAD915DA88920040E5FF /* CoreGraphics.framework */ = {isa = PBXFileReference; lastKnownFileType = wrapper.framework; name = CoreGraphics.framework; path = System/Library/Frameworks/CoreGraphics.framework; sourceTree = SDKROOT; };
		B339FADD15DA88920040E5FF /* FHStarterProject-Info.plist */ = {isa = PBXFileReference; lastKnownFileType = text.plist.xml; path = "FHStarterProject-Info.plist"; sourceTree = "<group>"; };
		B339FADF15DA88920040E5FF /* en */ = {isa = PBXFileReference; lastKnownFileType = text.plist.strings; name = en; path = en.lproj/InfoPlist.strings; sourceTree = "<group>"; };
		B339FAE115DA88920040E5FF /* main.m */ = {isa = PBXFileReference; lastKnownFileType = sourcecode.c.objc; path = main.m; sourceTree = "<group>"; };
		B339FAE315DA88920040E5FF /* FHStarterProject-Prefix.pch */ = {isa = PBXFileReference; lastKnownFileType = sourcecode.c.h; path = "FHStarterProject-Prefix.pch"; sourceTree = "<group>"; };
		B339FAE415DA88920040E5FF /* AppDelegate.h */ = {isa = PBXFileReference; lastKnownFileType = sourcecode.c.h; path = AppDelegate.h; sourceTree = "<group>"; };
		B339FAE515DA88920040E5FF /* AppDelegate.m */ = {isa = PBXFileReference; lastKnownFileType = sourcecode.c.objc; path = AppDelegate.m; sourceTree = "<group>"; };
		B339FAEC15DA88D40040E5FF /* FH.framework */ = {isa = PBXFileReference; lastKnownFileType = wrapper.framework; path = FH.framework; sourceTree = "<group>"; };
		B339FAEE15DA88E50040E5FF /* MobileCoreServices.framework */ = {isa = PBXFileReference; lastKnownFileType = wrapper.framework; name = MobileCoreServices.framework; path = System/Library/Frameworks/MobileCoreServices.framework; sourceTree = SDKROOT; };
		B339FAF015DA88F10040E5FF /* CFNetwork.framework */ = {isa = PBXFileReference; lastKnownFileType = wrapper.framework; name = CFNetwork.framework; path = System/Library/Frameworks/CFNetwork.framework; sourceTree = SDKROOT; };
		B339FAFD15DA89210040E5FF /* SystemConfiguration.framework */ = {isa = PBXFileReference; lastKnownFileType = wrapper.framework; name = SystemConfiguration.framework; path = System/Library/Frameworks/SystemConfiguration.framework; sourceTree = SDKROOT; };
		B339FAFF15DA892A0040E5FF /* libz.dylib */ = {isa = PBXFileReference; lastKnownFileType = "compiled.mach-o.dylib"; name = libz.dylib; path = usr/lib/libz.dylib; sourceTree = SDKROOT; };
		B339FB0315DA89410040E5FF /* libxml2.dylib */ = {isa = PBXFileReference; lastKnownFileType = "compiled.mach-o.dylib"; name = libxml2.dylib; path = usr/lib/libxml2.dylib; sourceTree = SDKROOT; };
		B339FB0915DA8A330040E5FF /* fhconfig.plist */ = {isa = PBXFileReference; fileEncoding = 4; lastKnownFileType = text.plist.xml; path = fhconfig.plist; sourceTree = "<group>"; };
		B339FB0B15DA8BDB0040E5FF /* FHStarterProjectViewController.h */ = {isa = PBXFileReference; fileEncoding = 4; lastKnownFileType = sourcecode.c.h; path = FHStarterProjectViewController.h; sourceTree = "<group>"; };
		B339FB0C15DA8BDB0040E5FF /* FHStarterProjectViewController.m */ = {isa = PBXFileReference; fileEncoding = 4; lastKnownFileType = sourcecode.c.objc; path = FHStarterProjectViewController.m; sourceTree = "<group>"; };
		B339FB0D15DA8BDB0040E5FF /* FHStarterProjectViewController.xib */ = {isa = PBXFileReference; fileEncoding = 4; lastKnownFileType = file.xib; path = FHStarterProjectViewController.xib; sourceTree = "<group>"; };
		B3BE543317A2CDD300C9D59E /* AdSupport.framework */ = {isa = PBXFileReference; lastKnownFileType = wrapper.framework; name = AdSupport.framework; path = System/Library/Frameworks/AdSupport.framework; sourceTree = SDKROOT; };
/* End PBXFileReference section */

/* Begin PBXFrameworksBuildPhase section */
		B339FACE15DA88920040E5FF /* Frameworks */ = {
			isa = PBXFrameworksBuildPhase;
			buildActionMask = 2147483647;
			files = (
				B3BE543417A2CDD300C9D59E /* AdSupport.framework in Frameworks */,
				B339FB0415DA89410040E5FF /* libxml2.dylib in Frameworks */,
				B339FB0015DA892A0040E5FF /* libz.dylib in Frameworks */,
				B339FAFE15DA89210040E5FF /* SystemConfiguration.framework in Frameworks */,
				B339FADA15DA88920040E5FF /* CoreGraphics.framework in Frameworks */,
				B339FAF115DA88F10040E5FF /* CFNetwork.framework in Frameworks */,
				B339FAEF15DA88E50040E5FF /* MobileCoreServices.framework in Frameworks */,
				B339FAED15DA88D40040E5FF /* FH.framework in Frameworks */,
				B339FAD615DA88920040E5FF /* UIKit.framework in Frameworks */,
				B339FAD815DA88920040E5FF /* Foundation.framework in Frameworks */,
			);
			runOnlyForDeploymentPostprocessing = 0;
		};
/* End PBXFrameworksBuildPhase section */

/* Begin PBXGroup section */
		B339FAC615DA88920040E5FF = {
			isa = PBXGroup;
			children = (
				B339FADB15DA88920040E5FF /* FHStarterProject */,
				B339FAD415DA88920040E5FF /* Frameworks */,
				B339FAD215DA88920040E5FF /* Products */,
			);
			sourceTree = "<group>";
		};
		B339FAD215DA88920040E5FF /* Products */ = {
			isa = PBXGroup;
			children = (
				B339FAD115DA88920040E5FF /* FHStarterProject.app */,
			);
			name = Products;
			sourceTree = "<group>";
		};
		B339FAD415DA88920040E5FF /* Frameworks */ = {
			isa = PBXGroup;
			children = (
				B3BE543317A2CDD300C9D59E /* AdSupport.framework */,
				B339FB0315DA89410040E5FF /* libxml2.dylib */,
				B339FAFF15DA892A0040E5FF /* libz.dylib */,
				B339FAFD15DA89210040E5FF /* SystemConfiguration.framework */,
				B339FAF015DA88F10040E5FF /* CFNetwork.framework */,
				B339FAEE15DA88E50040E5FF /* MobileCoreServices.framework */,
				B339FAEC15DA88D40040E5FF /* FH.framework */,
				B339FAD515DA88920040E5FF /* UIKit.framework */,
				B339FAD715DA88920040E5FF /* Foundation.framework */,
				B339FAD915DA88920040E5FF /* CoreGraphics.framework */,
			);
			name = Frameworks;
			sourceTree = "<group>";
		};
		B339FADB15DA88920040E5FF /* FHStarterProject */ = {
			isa = PBXGroup;
			children = (
				B339FAE415DA88920040E5FF /* AppDelegate.h */,
				B339FAE515DA88920040E5FF /* AppDelegate.m */,
				B339FADC15DA88920040E5FF /* Supporting Files */,
				B339FB0915DA8A330040E5FF /* fhconfig.plist */,
				B339FB0B15DA8BDB0040E5FF /* FHStarterProjectViewController.h */,
				B339FB0C15DA8BDB0040E5FF /* FHStarterProjectViewController.m */,
				B339FB0D15DA8BDB0040E5FF /* FHStarterProjectViewController.xib */,
			);
			path = FHStarterProject;
			sourceTree = "<group>";
		};
		B339FADC15DA88920040E5FF /* Supporting Files */ = {
			isa = PBXGroup;
			children = (
				B339FADD15DA88920040E5FF /* FHStarterProject-Info.plist */,
				B339FADE15DA88920040E5FF /* InfoPlist.strings */,
				B339FAE115DA88920040E5FF /* main.m */,
				B339FAE315DA88920040E5FF /* FHStarterProject-Prefix.pch */,
			);
			name = "Supporting Files";
			sourceTree = "<group>";
		};
/* End PBXGroup section */

/* Begin PBXNativeTarget section */
		B339FAD015DA88920040E5FF /* FHStarterProject */ = {
			isa = PBXNativeTarget;
			buildConfigurationList = B339FAE915DA88920040E5FF /* Build configuration list for PBXNativeTarget "FHStarterProject" */;
			buildPhases = (
				B339FACD15DA88920040E5FF /* Sources */,
				B339FACE15DA88920040E5FF /* Frameworks */,
				B339FACF15DA88920040E5FF /* Resources */,
			);
			buildRules = (
			);
			dependencies = (
			);
			name = FHStarterProject;
			productName = FHStarterProject;
			productReference = B339FAD115DA88920040E5FF /* FHStarterProject.app */;
			productType = "com.apple.product-type.application";
		};
/* End PBXNativeTarget section */

/* Begin PBXProject section */
		B339FAC815DA88920040E5FF /* Project object */ = {
			isa = PBXProject;
			attributes = {
				LastUpgradeCheck = 0430;
				ORGANIZATIONNAME = FeedHenry;
			};
			buildConfigurationList = B339FACB15DA88920040E5FF /* Build configuration list for PBXProject "FHStarterProject" */;
			compatibilityVersion = "Xcode 3.2";
			developmentRegion = English;
			hasScannedForEncodings = 0;
			knownRegions = (
				en,
			);
			mainGroup = B339FAC615DA88920040E5FF;
			productRefGroup = B339FAD215DA88920040E5FF /* Products */;
			projectDirPath = "";
			projectRoot = "";
			targets = (
				B339FAD015DA88920040E5FF /* FHStarterProject */,
			);
		};
/* End PBXProject section */

/* Begin PBXResourcesBuildPhase section */
		B339FACF15DA88920040E5FF /* Resources */ = {
			isa = PBXResourcesBuildPhase;
			buildActionMask = 2147483647;
			files = (
				B339FAE015DA88920040E5FF /* InfoPlist.strings in Resources */,
				B339FB0A15DA8A330040E5FF /* fhconfig.plist in Resources */,
				B339FB0F15DA8BDB0040E5FF /* FHStarterProjectViewController.xib in Resources */,
			);
			runOnlyForDeploymentPostprocessing = 0;
		};
/* End PBXResourcesBuildPhase section */

/* Begin PBXSourcesBuildPhase section */
		B339FACD15DA88920040E5FF /* Sources */ = {
			isa = PBXSourcesBuildPhase;
			buildActionMask = 2147483647;
			files = (
				B339FAE215DA88920040E5FF /* main.m in Sources */,
				B339FAE615DA88920040E5FF /* AppDelegate.m in Sources */,
				B339FB0E15DA8BDB0040E5FF /* FHStarterProjectViewController.m in Sources */,
			);
			runOnlyForDeploymentPostprocessing = 0;
		};
/* End PBXSourcesBuildPhase section */

/* Begin PBXVariantGroup section */
		B339FADE15DA88920040E5FF /* InfoPlist.strings */ = {
			isa = PBXVariantGroup;
			children = (
				B339FADF15DA88920040E5FF /* en */,
			);
			name = InfoPlist.strings;
			sourceTree = "<group>";
		};
/* End PBXVariantGroup section */

/* Begin XCBuildConfiguration section */
		B339FAE715DA88920040E5FF /* Debug */ = {
			isa = XCBuildConfiguration;
			buildSettings = {
				ALWAYS_SEARCH_USER_PATHS = NO;
				ARCHS = "$(ARCHS_STANDARD_32_BIT)";
				"CODE_SIGN_IDENTITY[sdk=iphoneos*]" = "iPhone Developer";
				COPY_PHASE_STRIP = NO;
				GCC_C_LANGUAGE_STANDARD = gnu99;
				GCC_DYNAMIC_NO_PIC = NO;
				GCC_OPTIMIZATION_LEVEL = 0;
				GCC_PREPROCESSOR_DEFINITIONS = (
					"DEBUG=1",
					"$(inherited)",
				);
				GCC_SYMBOLS_PRIVATE_EXTERN = NO;
				GCC_VERSION = com.apple.compilers.llvm.clang.1_0;
				GCC_WARN_ABOUT_RETURN_TYPE = YES;
				GCC_WARN_UNINITIALIZED_AUTOS = YES;
				GCC_WARN_UNUSED_VARIABLE = YES;
				IPHONEOS_DEPLOYMENT_TARGET = 5.1;
				SDKROOT = iphoneos;
				TARGETED_DEVICE_FAMILY = "1,2";
			};
			name = Debug;
		};
		B339FAE815DA88920040E5FF /* Release */ = {
			isa = XCBuildConfiguration;
			buildSettings = {
				ALWAYS_SEARCH_USER_PATHS = NO;
				ARCHS = "$(ARCHS_STANDARD_32_BIT)";
				"CODE_SIGN_IDENTITY[sdk=iphoneos*]" = "iPhone Developer";
				COPY_PHASE_STRIP = YES;
				GCC_C_LANGUAGE_STANDARD = gnu99;
				GCC_VERSION = com.apple.compilers.llvm.clang.1_0;
				GCC_WARN_ABOUT_RETURN_TYPE = YES;
				GCC_WARN_UNINITIALIZED_AUTOS = YES;
				GCC_WARN_UNUSED_VARIABLE = YES;
				IPHONEOS_DEPLOYMENT_TARGET = 5.1;
				OTHER_CFLAGS = "-DNS_BLOCK_ASSERTIONS=1";
				SDKROOT = iphoneos;
				TARGETED_DEVICE_FAMILY = "1,2";
				VALIDATE_PRODUCT = YES;
			};
			name = Release;
		};
		B339FAEA15DA88920040E5FF /* Debug */ = {
			isa = XCBuildConfiguration;
			buildSettings = {
				FRAMEWORK_SEARCH_PATHS = (
					"$(inherited)",
					"\"$(SRCROOT)\"",
				);
				GCC_PRECOMPILE_PREFIX_HEADER = YES;
				GCC_PREFIX_HEADER = "FHStarterProject/FHStarterProject-Prefix.pch";
				INFOPLIST_FILE = "FHStarterProject/FHStarterProject-Info.plist";
				IPHONEOS_DEPLOYMENT_TARGET = 4.0;
				OTHER_LDFLAGS = "-ObjC";
				PRODUCT_NAME = "$(TARGET_NAME)";
				WRAPPER_EXTENSION = app;
			};
			name = Debug;
		};
		B339FAEB15DA88920040E5FF /* Release */ = {
			isa = XCBuildConfiguration;
			buildSettings = {
				FRAMEWORK_SEARCH_PATHS = (
					"$(inherited)",
					"\"$(SRCROOT)\"",
				);
				GCC_PRECOMPILE_PREFIX_HEADER = YES;
				GCC_PREFIX_HEADER = "FHStarterProject/FHStarterProject-Prefix.pch";
				INFOPLIST_FILE = "FHStarterProject/FHStarterProject-Info.plist";
				IPHONEOS_DEPLOYMENT_TARGET = 4.0;
				OTHER_LDFLAGS = "-ObjC";
				PRODUCT_NAME = "$(TARGET_NAME)";
				WRAPPER_EXTENSION = app;
			};
			name = Release;
		};
/* End XCBuildConfiguration section */

/* Begin XCConfigurationList section */
		B339FACB15DA88920040E5FF /* Build configuration list for PBXProject "FHStarterProject" */ = {
			isa = XCConfigurationList;
			buildConfigurations = (
				B339FAE715DA88920040E5FF /* Debug */,
				B339FAE815DA88920040E5FF /* Release */,
			);
			defaultConfigurationIsVisible = 0;
			defaultConfigurationName = Release;
		};
		B339FAE915DA88920040E5FF /* Build configuration list for PBXNativeTarget "FHStarterProject" */ = {
			isa = XCConfigurationList;
			buildConfigurations = (
				B339FAEA15DA88920040E5FF /* Debug */,
				B339FAEB15DA88920040E5FF /* Release */,
			);
			defaultConfigurationIsVisible = 0;
			defaultConfigurationName = Release;
		};
/* End XCConfigurationList section */
	};
	rootObject = B339FAC815DA88920040E5FF /* Project object */;
}
